// !$*UTF8*$!
{
	archiveVersion = 1;
	classes = {
	};
	objectVersion = 46;
	objects = {

/* Begin PBXBuildFile section */
		80EBCFF81430936300177A6B /* QuartzCore.framework in Frameworks */ = {isa = PBXBuildFile; fileRef = 80EBCFF71430936300177A6B /* QuartzCore.framework */; };
		80EBCFFA1430936300177A6B /* OpenGLES.framework in Frameworks */ = {isa = PBXBuildFile; fileRef = 80EBCFF91430936300177A6B /* OpenGLES.framework */; };
		80EBCFFC1430936300177A6B /* OpenAL.framework in Frameworks */ = {isa = PBXBuildFile; fileRef = 80EBCFFB1430936300177A6B /* OpenAL.framework */; };
		80EBCFFE1430936300177A6B /* AudioToolbox.framework in Frameworks */ = {isa = PBXBuildFile; fileRef = 80EBCFFD1430936300177A6B /* AudioToolbox.framework */; };
		80EBD0001430936300177A6B /* AVFoundation.framework in Frameworks */ = {isa = PBXBuildFile; fileRef = 80EBCFFF1430936300177A6B /* AVFoundation.framework */; };
		80EBD0021430936300177A6B /* UIKit.framework in Frameworks */ = {isa = PBXBuildFile; fileRef = 80EBD0011430936300177A6B /* UIKit.framework */; };
		80EBD0041430936300177A6B /* Foundation.framework in Frameworks */ = {isa = PBXBuildFile; fileRef = 80EBD0031430936300177A6B /* Foundation.framework */; };
		80EBD0061430936300177A6B /* CoreGraphics.framework in Frameworks */ = {isa = PBXBuildFile; fileRef = 80EBD0051430936300177A6B /* CoreGraphics.framework */; };
		80EBD00A1430936300177A6B /* Default.png in Resources */ = {isa = PBXBuildFile; fileRef = 80EBD0091430936300177A6B /* Default.png */; };
		80EBD00C1430936300177A6B /* fps_images.png in Resources */ = {isa = PBXBuildFile; fileRef = 80EBD00B1430936300177A6B /* fps_images.png */; };
		80EBD00E1430936300177A6B /* Icon-72.png in Resources */ = {isa = PBXBuildFile; fileRef = 80EBD00D1430936300177A6B /* Icon-72.png */; };
		80EBD0101430936300177A6B /* Icon-Small-50.png in Resources */ = {isa = PBXBuildFile; fileRef = 80EBD00F1430936300177A6B /* Icon-Small-50.png */; };
		80EBD0121430936300177A6B /* Icon-Small.png in Resources */ = {isa = PBXBuildFile; fileRef = 80EBD0111430936300177A6B /* Icon-Small.png */; };
		80EBD0141430936300177A6B /* Icon-Small@2x.png in Resources */ = {isa = PBXBuildFile; fileRef = 80EBD0131430936300177A6B /* Icon-Small@2x.png */; };
		80EBD0161430936300177A6B /* Icon.png in Resources */ = {isa = PBXBuildFile; fileRef = 80EBD0151430936300177A6B /* Icon.png */; };
		80EBD0181430936300177A6B /* Icon@2x.png in Resources */ = {isa = PBXBuildFile; fileRef = 80EBD0171430936300177A6B /* Icon@2x.png */; };
		80EBD01B1430936300177A6B /* iTunesArtwork in Resources */ = {isa = PBXBuildFile; fileRef = 80EBD01A1430936300177A6B /* iTunesArtwork */; };
		80EBD0201430936300177A6B /* CCAction.m in Sources */ = {isa = PBXBuildFile; fileRef = 80EBD01F1430936300177A6B /* CCAction.m */; };
		80EBD0231430936300177A6B /* CCActionCamera.m in Sources */ = {isa = PBXBuildFile; fileRef = 80EBD0221430936300177A6B /* CCActionCamera.m */; };
		80EBD0261430936300177A6B /* CCActionEase.m in Sources */ = {isa = PBXBuildFile; fileRef = 80EBD0251430936300177A6B /* CCActionEase.m */; };
		80EBD0291430936300177A6B /* CCActionGrid.m in Sources */ = {isa = PBXBuildFile; fileRef = 80EBD0281430936300177A6B /* CCActionGrid.m */; };
		80EBD02C1430936300177A6B /* CCActionGrid3D.m in Sources */ = {isa = PBXBuildFile; fileRef = 80EBD02B1430936300177A6B /* CCActionGrid3D.m */; };
		80EBD02F1430936300177A6B /* CCActionInstant.m in Sources */ = {isa = PBXBuildFile; fileRef = 80EBD02E1430936300177A6B /* CCActionInstant.m */; };
		80EBD0321430936300177A6B /* CCActionInterval.m in Sources */ = {isa = PBXBuildFile; fileRef = 80EBD0311430936300177A6B /* CCActionInterval.m */; };
		80EBD0351430936400177A6B /* CCActionManager.m in Sources */ = {isa = PBXBuildFile; fileRef = 80EBD0341430936400177A6B /* CCActionManager.m */; };
		80EBD0381430936400177A6B /* CCActionPageTurn3D.m in Sources */ = {isa = PBXBuildFile; fileRef = 80EBD0371430936400177A6B /* CCActionPageTurn3D.m */; };
		80EBD03B1430936400177A6B /* CCActionProgressTimer.m in Sources */ = {isa = PBXBuildFile; fileRef = 80EBD03A1430936400177A6B /* CCActionProgressTimer.m */; };
		80EBD03E1430936400177A6B /* CCActionTiledGrid.m in Sources */ = {isa = PBXBuildFile; fileRef = 80EBD03D1430936400177A6B /* CCActionTiledGrid.m */; };
		80EBD0411430936400177A6B /* CCActionTween.m in Sources */ = {isa = PBXBuildFile; fileRef = 80EBD0401430936400177A6B /* CCActionTween.m */; };
		80EBD0441430936400177A6B /* CCAnimation.m in Sources */ = {isa = PBXBuildFile; fileRef = 80EBD0431430936400177A6B /* CCAnimation.m */; };
		80EBD0471430936400177A6B /* CCAnimationCache.m in Sources */ = {isa = PBXBuildFile; fileRef = 80EBD0461430936400177A6B /* CCAnimationCache.m */; };
		80EBD04A1430936400177A6B /* CCAtlasNode.m in Sources */ = {isa = PBXBuildFile; fileRef = 80EBD0491430936400177A6B /* CCAtlasNode.m */; };
		80EBD04D1430936400177A6B /* CCBlockSupport.m in Sources */ = {isa = PBXBuildFile; fileRef = 80EBD04C1430936400177A6B /* CCBlockSupport.m */; };
		80EBD0501430936400177A6B /* CCCamera.m in Sources */ = {isa = PBXBuildFile; fileRef = 80EBD04F1430936400177A6B /* CCCamera.m */; };
		80EBD0541430936400177A6B /* CCConfiguration.m in Sources */ = {isa = PBXBuildFile; fileRef = 80EBD0531430936400177A6B /* CCConfiguration.m */; };
		80EBD0571430936400177A6B /* CCDirector.m in Sources */ = {isa = PBXBuildFile; fileRef = 80EBD0561430936400177A6B /* CCDirector.m */; };
		80EBD05A1430936400177A6B /* CCDrawingPrimitives.m in Sources */ = {isa = PBXBuildFile; fileRef = 80EBD0591430936400177A6B /* CCDrawingPrimitives.m */; };
		80EBD05D1430936400177A6B /* CCGrabber.m in Sources */ = {isa = PBXBuildFile; fileRef = 80EBD05C1430936400177A6B /* CCGrabber.m */; };
		80EBD0601430936400177A6B /* CCGrid.m in Sources */ = {isa = PBXBuildFile; fileRef = 80EBD05F1430936400177A6B /* CCGrid.m */; };
		80EBD0631430936400177A6B /* CCLabelAtlas.m in Sources */ = {isa = PBXBuildFile; fileRef = 80EBD0621430936400177A6B /* CCLabelAtlas.m */; };
		80EBD0661430936400177A6B /* CCLabelBMFont.m in Sources */ = {isa = PBXBuildFile; fileRef = 80EBD0651430936400177A6B /* CCLabelBMFont.m */; };
		80EBD0691430936400177A6B /* CCLabelTTF.m in Sources */ = {isa = PBXBuildFile; fileRef = 80EBD0681430936400177A6B /* CCLabelTTF.m */; };
		80EBD06C1430936400177A6B /* CCLayer.m in Sources */ = {isa = PBXBuildFile; fileRef = 80EBD06B1430936400177A6B /* CCLayer.m */; };
		80EBD0701430936400177A6B /* CCMenu.m in Sources */ = {isa = PBXBuildFile; fileRef = 80EBD06F1430936400177A6B /* CCMenu.m */; };
		80EBD0731430936400177A6B /* CCMenuItem.m in Sources */ = {isa = PBXBuildFile; fileRef = 80EBD0721430936400177A6B /* CCMenuItem.m */; };
		80EBD0761430936400177A6B /* CCMotionStreak.m in Sources */ = {isa = PBXBuildFile; fileRef = 80EBD0751430936400177A6B /* CCMotionStreak.m */; };
		80EBD0791430936400177A6B /* CCNode.m in Sources */ = {isa = PBXBuildFile; fileRef = 80EBD0781430936400177A6B /* CCNode.m */; };
		80EBD07C1430936500177A6B /* CCParallaxNode.m in Sources */ = {isa = PBXBuildFile; fileRef = 80EBD07B1430936500177A6B /* CCParallaxNode.m */; };
		80EBD07F1430936500177A6B /* CCParticleExamples.m in Sources */ = {isa = PBXBuildFile; fileRef = 80EBD07E1430936500177A6B /* CCParticleExamples.m */; };
		80EBD0821430936500177A6B /* CCParticleSystem.m in Sources */ = {isa = PBXBuildFile; fileRef = 80EBD0811430936500177A6B /* CCParticleSystem.m */; };
		80EBD0851430936500177A6B /* CCParticleSystemPoint.m in Sources */ = {isa = PBXBuildFile; fileRef = 80EBD0841430936500177A6B /* CCParticleSystemPoint.m */; };
		80EBD0881430936500177A6B /* CCParticleSystemQuad.m in Sources */ = {isa = PBXBuildFile; fileRef = 80EBD0871430936500177A6B /* CCParticleSystemQuad.m */; };
		80EBD08B1430936500177A6B /* CCProgressTimer.m in Sources */ = {isa = PBXBuildFile; fileRef = 80EBD08A1430936500177A6B /* CCProgressTimer.m */; };
		80EBD08F1430936500177A6B /* CCRenderTexture.m in Sources */ = {isa = PBXBuildFile; fileRef = 80EBD08E1430936500177A6B /* CCRenderTexture.m */; };
		80EBD0921430936500177A6B /* CCRibbon.m in Sources */ = {isa = PBXBuildFile; fileRef = 80EBD0911430936500177A6B /* CCRibbon.m */; };
		80EBD0951430936500177A6B /* CCScene.m in Sources */ = {isa = PBXBuildFile; fileRef = 80EBD0941430936500177A6B /* CCScene.m */; };
		80EBD0981430936500177A6B /* CCScheduler.m in Sources */ = {isa = PBXBuildFile; fileRef = 80EBD0971430936500177A6B /* CCScheduler.m */; };
		80EBD09B1430936500177A6B /* CCSprite.m in Sources */ = {isa = PBXBuildFile; fileRef = 80EBD09A1430936500177A6B /* CCSprite.m */; };
		80EBD09E1430936500177A6B /* CCSpriteBatchNode.m in Sources */ = {isa = PBXBuildFile; fileRef = 80EBD09D1430936500177A6B /* CCSpriteBatchNode.m */; };
		80EBD0A11430936500177A6B /* CCSpriteFrame.m in Sources */ = {isa = PBXBuildFile; fileRef = 80EBD0A01430936500177A6B /* CCSpriteFrame.m */; };
		80EBD0A41430936500177A6B /* CCSpriteFrameCache.m in Sources */ = {isa = PBXBuildFile; fileRef = 80EBD0A31430936500177A6B /* CCSpriteFrameCache.m */; };
		80EBD0A71430936600177A6B /* CCTexture2D.m in Sources */ = {isa = PBXBuildFile; fileRef = 80EBD0A61430936600177A6B /* CCTexture2D.m */; };
		80EBD0AA1430936600177A6B /* CCTextureAtlas.m in Sources */ = {isa = PBXBuildFile; fileRef = 80EBD0A91430936600177A6B /* CCTextureAtlas.m */; };
		80EBD0AD1430936600177A6B /* CCTextureCache.m in Sources */ = {isa = PBXBuildFile; fileRef = 80EBD0AC1430936600177A6B /* CCTextureCache.m */; };
		80EBD0B01430936600177A6B /* CCTexturePVR.m in Sources */ = {isa = PBXBuildFile; fileRef = 80EBD0AF1430936600177A6B /* CCTexturePVR.m */; };
		80EBD0B31430936600177A6B /* CCTileMapAtlas.m in Sources */ = {isa = PBXBuildFile; fileRef = 80EBD0B21430936600177A6B /* CCTileMapAtlas.m */; };
		80EBD0B61430936600177A6B /* CCTMXLayer.m in Sources */ = {isa = PBXBuildFile; fileRef = 80EBD0B51430936600177A6B /* CCTMXLayer.m */; };
		80EBD0B91430936600177A6B /* CCTMXObjectGroup.m in Sources */ = {isa = PBXBuildFile; fileRef = 80EBD0B81430936600177A6B /* CCTMXObjectGroup.m */; };
		80EBD0BC1430936600177A6B /* CCTMXTiledMap.m in Sources */ = {isa = PBXBuildFile; fileRef = 80EBD0BB1430936600177A6B /* CCTMXTiledMap.m */; };
		80EBD0BF1430936600177A6B /* CCTMXXMLParser.m in Sources */ = {isa = PBXBuildFile; fileRef = 80EBD0BE1430936600177A6B /* CCTMXXMLParser.m */; };
		80EBD0C21430936600177A6B /* CCTransition.m in Sources */ = {isa = PBXBuildFile; fileRef = 80EBD0C11430936600177A6B /* CCTransition.m */; };
		80EBD0C51430936600177A6B /* CCTransitionPageTurn.m in Sources */ = {isa = PBXBuildFile; fileRef = 80EBD0C41430936600177A6B /* CCTransitionPageTurn.m */; };
		80EBD0C81430936600177A6B /* CCTransitionRadial.m in Sources */ = {isa = PBXBuildFile; fileRef = 80EBD0C71430936600177A6B /* CCTransitionRadial.m */; };
		80EBD0CC1430936600177A6B /* cocos2d.m in Sources */ = {isa = PBXBuildFile; fileRef = 80EBD0CB1430936600177A6B /* cocos2d.m */; };
		80EBD0D31430936600177A6B /* CCDirectorIOS.m in Sources */ = {isa = PBXBuildFile; fileRef = 80EBD0D21430936600177A6B /* CCDirectorIOS.m */; };
		80EBD0D71430936600177A6B /* CCTouchDispatcher.m in Sources */ = {isa = PBXBuildFile; fileRef = 80EBD0D61430936600177A6B /* CCTouchDispatcher.m */; };
		80EBD0DA1430936700177A6B /* CCTouchHandler.m in Sources */ = {isa = PBXBuildFile; fileRef = 80EBD0D91430936600177A6B /* CCTouchHandler.m */; };
		80EBD0DD1430936700177A6B /* EAGLView.m in Sources */ = {isa = PBXBuildFile; fileRef = 80EBD0DC1430936700177A6B /* EAGLView.m */; };
		80EBD0E01430936700177A6B /* ES1Renderer.m in Sources */ = {isa = PBXBuildFile; fileRef = 80EBD0DF1430936700177A6B /* ES1Renderer.m */; };
		80EBD0E31430936700177A6B /* glu.c in Sources */ = {isa = PBXBuildFile; fileRef = 80EBD0E21430936700177A6B /* glu.c */; };
		80EBD0E81430936700177A6B /* CCDirectorMac.m in Sources */ = {isa = PBXBuildFile; fileRef = 80EBD0E71430936700177A6B /* CCDirectorMac.m */; };
		80EBD0EB1430936700177A6B /* CCEventDispatcher.m in Sources */ = {isa = PBXBuildFile; fileRef = 80EBD0EA1430936700177A6B /* CCEventDispatcher.m */; };
		80EBD0EE1430936700177A6B /* MacGLView.m in Sources */ = {isa = PBXBuildFile; fileRef = 80EBD0ED1430936700177A6B /* MacGLView.m */; };
		80EBD0F11430936700177A6B /* MacWindow.m in Sources */ = {isa = PBXBuildFile; fileRef = 80EBD0F01430936700177A6B /* MacWindow.m */; };
		80EBD0F41430936700177A6B /* base64.c in Sources */ = {isa = PBXBuildFile; fileRef = 80EBD0F31430936700177A6B /* base64.c */; };
		80EBD0F81430936700177A6B /* CCArray.m in Sources */ = {isa = PBXBuildFile; fileRef = 80EBD0F71430936700177A6B /* CCArray.m */; };
		80EBD0FC1430936700177A6B /* CCFileUtils.m in Sources */ = {isa = PBXBuildFile; fileRef = 80EBD0FB1430936700177A6B /* CCFileUtils.m */; };
		80EBD0FF1430936700177A6B /* CCProfiling.m in Sources */ = {isa = PBXBuildFile; fileRef = 80EBD0FE1430936700177A6B /* CCProfiling.m */; };
		80EBD1011430936700177A6B /* ccUtils.c in Sources */ = {isa = PBXBuildFile; fileRef = 80EBD1001430936700177A6B /* ccUtils.c */; };
		80EBD1051430936700177A6B /* CGPointExtension.m in Sources */ = {isa = PBXBuildFile; fileRef = 80EBD1041430936700177A6B /* CGPointExtension.m */; };
		80EBD1091430936700177A6B /* TGAlib.m in Sources */ = {isa = PBXBuildFile; fileRef = 80EBD1081430936700177A6B /* TGAlib.m */; };
		80EBD10C1430936700177A6B /* TransformUtils.m in Sources */ = {isa = PBXBuildFile; fileRef = 80EBD10B1430936700177A6B /* TransformUtils.m */; };
		80EBD1111430936800177A6B /* ZipUtils.m in Sources */ = {isa = PBXBuildFile; fileRef = 80EBD1101430936800177A6B /* ZipUtils.m */; };
		80EBD1161430936800177A6B /* CDAudioManager.m in Sources */ = {isa = PBXBuildFile; fileRef = 80EBD1151430936800177A6B /* CDAudioManager.m */; };
		80EBD11A1430936800177A6B /* CDOpenALSupport.m in Sources */ = {isa = PBXBuildFile; fileRef = 80EBD1191430936800177A6B /* CDOpenALSupport.m */; };
		80EBD11D1430936800177A6B /* CocosDenshion.m in Sources */ = {isa = PBXBuildFile; fileRef = 80EBD11C1430936800177A6B /* CocosDenshion.m */; };
		80EBD1201430936800177A6B /* SimpleAudioEngine.m in Sources */ = {isa = PBXBuildFile; fileRef = 80EBD11F1430936800177A6B /* SimpleAudioEngine.m */; };
		80EBD1251430936800177A6B /* CLScoreServerPost.m in Sources */ = {isa = PBXBuildFile; fileRef = 80EBD1241430936800177A6B /* CLScoreServerPost.m */; };
		80EBD1281430936800177A6B /* CLScoreServerRequest.m in Sources */ = {isa = PBXBuildFile; fileRef = 80EBD1271430936800177A6B /* CLScoreServerRequest.m */; };
		80EBD12B1430936800177A6B /* cocoslive.m in Sources */ = {isa = PBXBuildFile; fileRef = 80EBD12A1430936800177A6B /* cocoslive.m */; };
		80EBD1301430936800177A6B /* CDataScanner.m in Sources */ = {isa = PBXBuildFile; fileRef = 80EBD12F1430936800177A6B /* CDataScanner.m */; };
		80EBD1341430936800177A6B /* CDataScanner_Extensions.m in Sources */ = {isa = PBXBuildFile; fileRef = 80EBD1331430936800177A6B /* CDataScanner_Extensions.m */; };
		80EBD1371430936800177A6B /* NSDictionary_JSONExtensions.m in Sources */ = {isa = PBXBuildFile; fileRef = 80EBD1361430936800177A6B /* NSDictionary_JSONExtensions.m */; };
		80EBD13B1430936800177A6B /* CJSONDeserializer.m in Sources */ = {isa = PBXBuildFile; fileRef = 80EBD13A1430936800177A6B /* CJSONDeserializer.m */; };
		80EBD13E1430936800177A6B /* CJSONScanner.m in Sources */ = {isa = PBXBuildFile; fileRef = 80EBD13D1430936800177A6B /* CJSONScanner.m */; };
		80EBD1411430936800177A6B /* CJSONSerializer.m in Sources */ = {isa = PBXBuildFile; fileRef = 80EBD1401430936800177A6B /* CJSONSerializer.m */; };
		80EBD1461430936800177A6B /* FontLabel.m in Sources */ = {isa = PBXBuildFile; fileRef = 80EBD1451430936800177A6B /* FontLabel.m */; };
		80EBD1491430936900177A6B /* FontLabelStringDrawing.m in Sources */ = {isa = PBXBuildFile; fileRef = 80EBD1481430936900177A6B /* FontLabelStringDrawing.m */; };
		80EBD14C1430936900177A6B /* FontManager.m in Sources */ = {isa = PBXBuildFile; fileRef = 80EBD14B1430936900177A6B /* FontManager.m */; };
		80EBD14F1430936900177A6B /* ZAttributedString.m in Sources */ = {isa = PBXBuildFile; fileRef = 80EBD14E1430936900177A6B /* ZAttributedString.m */; };
		80EBD1531430936900177A6B /* ZFont.m in Sources */ = {isa = PBXBuildFile; fileRef = 80EBD1521430936900177A6B /* ZFont.m */; };
		80EBD1581430936900177A6B /* main.m in Sources */ = {isa = PBXBuildFile; fileRef = 80EBD1571430936900177A6B /* main.m */; };
		80EBD15B1430936900177A6B /* AppDelegate.m in Sources */ = {isa = PBXBuildFile; fileRef = 80EBD15A1430936900177A6B /* AppDelegate.m */; };
		80EBD15E1430936900177A6B /* RootViewController.m in Sources */ = {isa = PBXBuildFile; fileRef = 80EBD15D1430936900177A6B /* RootViewController.m */; };
		80EBD1611430936900177A6B /* HelloWorldLayer.m in Sources */ = {isa = PBXBuildFile; fileRef = 80EBD1601430936900177A6B /* HelloWorldLayer.m */; };
/* End PBXBuildFile section */

/* Begin PBXFileReference section */
		80EBCFF31430936300177A6B /* cocostouch.app */ = {isa = PBXFileReference; explicitFileType = wrapper.application; includeInIndex = 0; path = cocostouch.app; sourceTree = BUILT_PRODUCTS_DIR; };
		80EBCFF71430936300177A6B /* QuartzCore.framework */ = {isa = PBXFileReference; lastKnownFileType = wrapper.framework; name = QuartzCore.framework; path = System/Library/Frameworks/QuartzCore.framework; sourceTree = SDKROOT; };
		80EBCFF91430936300177A6B /* OpenGLES.framework */ = {isa = PBXFileReference; lastKnownFileType = wrapper.framework; name = OpenGLES.framework; path = System/Library/Frameworks/OpenGLES.framework; sourceTree = SDKROOT; };
		80EBCFFB1430936300177A6B /* OpenAL.framework */ = {isa = PBXFileReference; lastKnownFileType = wrapper.framework; name = OpenAL.framework; path = System/Library/Frameworks/OpenAL.framework; sourceTree = SDKROOT; };
		80EBCFFD1430936300177A6B /* AudioToolbox.framework */ = {isa = PBXFileReference; lastKnownFileType = wrapper.framework; name = AudioToolbox.framework; path = System/Library/Frameworks/AudioToolbox.framework; sourceTree = SDKROOT; };
		80EBCFFF1430936300177A6B /* AVFoundation.framework */ = {isa = PBXFileReference; lastKnownFileType = wrapper.framework; name = AVFoundation.framework; path = System/Library/Frameworks/AVFoundation.framework; sourceTree = SDKROOT; };
		80EBD0011430936300177A6B /* UIKit.framework */ = {isa = PBXFileReference; lastKnownFileType = wrapper.framework; name = UIKit.framework; path = System/Library/Frameworks/UIKit.framework; sourceTree = SDKROOT; };
		80EBD0031430936300177A6B /* Foundation.framework */ = {isa = PBXFileReference; lastKnownFileType = wrapper.framework; name = Foundation.framework; path = System/Library/Frameworks/Foundation.framework; sourceTree = SDKROOT; };
		80EBD0051430936300177A6B /* CoreGraphics.framework */ = {isa = PBXFileReference; lastKnownFileType = wrapper.framework; name = CoreGraphics.framework; path = System/Library/Frameworks/CoreGraphics.framework; sourceTree = SDKROOT; };
		80EBD0091430936300177A6B /* Default.png */ = {isa = PBXFileReference; lastKnownFileType = image.png; name = Default.png; path = Resources/Default.png; sourceTree = "<group>"; };
		80EBD00B1430936300177A6B /* fps_images.png */ = {isa = PBXFileReference; lastKnownFileType = image.png; name = fps_images.png; path = Resources/fps_images.png; sourceTree = "<group>"; };
		80EBD00D1430936300177A6B /* Icon-72.png */ = {isa = PBXFileReference; lastKnownFileType = image.png; name = "Icon-72.png"; path = "Resources/Icon-72.png"; sourceTree = "<group>"; };
		80EBD00F1430936300177A6B /* Icon-Small-50.png */ = {isa = PBXFileReference; lastKnownFileType = image.png; name = "Icon-Small-50.png"; path = "Resources/Icon-Small-50.png"; sourceTree = "<group>"; };
		80EBD0111430936300177A6B /* Icon-Small.png */ = {isa = PBXFileReference; lastKnownFileType = image.png; name = "Icon-Small.png"; path = "Resources/Icon-Small.png"; sourceTree = "<group>"; };
		80EBD0131430936300177A6B /* Icon-Small@2x.png */ = {isa = PBXFileReference; lastKnownFileType = image.png; name = "Icon-Small@2x.png"; path = "Resources/Icon-Small@2x.png"; sourceTree = "<group>"; };
		80EBD0151430936300177A6B /* Icon.png */ = {isa = PBXFileReference; lastKnownFileType = image.png; name = Icon.png; path = Resources/Icon.png; sourceTree = "<group>"; };
		80EBD0171430936300177A6B /* Icon@2x.png */ = {isa = PBXFileReference; lastKnownFileType = image.png; name = "Icon@2x.png"; path = "Resources/Icon@2x.png"; sourceTree = "<group>"; };
		80EBD0191430936300177A6B /* Info.plist */ = {isa = PBXFileReference; name = Info.plist; path = Resources/Info.plist; sourceTree = "<group>"; };
		80EBD01A1430936300177A6B /* iTunesArtwork */ = {isa = PBXFileReference; lastKnownFileType = file; name = iTunesArtwork; path = Resources/iTunesArtwork; sourceTree = "<group>"; };
		80EBD01E1430936300177A6B /* CCAction.h */ = {isa = PBXFileReference; name = CCAction.h; path = libs/cocos2d/CCAction.h; sourceTree = "<group>"; };
		80EBD01F1430936300177A6B /* CCAction.m */ = {isa = PBXFileReference; lastKnownFileType = sourcecode.c.objc; name = CCAction.m; path = libs/cocos2d/CCAction.m; sourceTree = "<group>"; };
		80EBD0211430936300177A6B /* CCActionCamera.h */ = {isa = PBXFileReference; name = CCActionCamera.h; path = libs/cocos2d/CCActionCamera.h; sourceTree = "<group>"; };
		80EBD0221430936300177A6B /* CCActionCamera.m */ = {isa = PBXFileReference; lastKnownFileType = sourcecode.c.objc; name = CCActionCamera.m; path = libs/cocos2d/CCActionCamera.m; sourceTree = "<group>"; };
		80EBD0241430936300177A6B /* CCActionEase.h */ = {isa = PBXFileReference; name = CCActionEase.h; path = libs/cocos2d/CCActionEase.h; sourceTree = "<group>"; };
		80EBD0251430936300177A6B /* CCActionEase.m */ = {isa = PBXFileReference; lastKnownFileType = sourcecode.c.objc; name = CCActionEase.m; path = libs/cocos2d/CCActionEase.m; sourceTree = "<group>"; };
		80EBD0271430936300177A6B /* CCActionGrid.h */ = {isa = PBXFileReference; name = CCActionGrid.h; path = libs/cocos2d/CCActionGrid.h; sourceTree = "<group>"; };
		80EBD0281430936300177A6B /* CCActionGrid.m */ = {isa = PBXFileReference; lastKnownFileType = sourcecode.c.objc; name = CCActionGrid.m; path = libs/cocos2d/CCActionGrid.m; sourceTree = "<group>"; };
		80EBD02A1430936300177A6B /* CCActionGrid3D.h */ = {isa = PBXFileReference; name = CCActionGrid3D.h; path = libs/cocos2d/CCActionGrid3D.h; sourceTree = "<group>"; };
		80EBD02B1430936300177A6B /* CCActionGrid3D.m */ = {isa = PBXFileReference; lastKnownFileType = sourcecode.c.objc; name = CCActionGrid3D.m; path = libs/cocos2d/CCActionGrid3D.m; sourceTree = "<group>"; };
		80EBD02D1430936300177A6B /* CCActionInstant.h */ = {isa = PBXFileReference; name = CCActionInstant.h; path = libs/cocos2d/CCActionInstant.h; sourceTree = "<group>"; };
		80EBD02E1430936300177A6B /* CCActionInstant.m */ = {isa = PBXFileReference; lastKnownFileType = sourcecode.c.objc; name = CCActionInstant.m; path = libs/cocos2d/CCActionInstant.m; sourceTree = "<group>"; };
		80EBD0301430936300177A6B /* CCActionInterval.h */ = {isa = PBXFileReference; name = CCActionInterval.h; path = libs/cocos2d/CCActionInterval.h; sourceTree = "<group>"; };
		80EBD0311430936300177A6B /* CCActionInterval.m */ = {isa = PBXFileReference; lastKnownFileType = sourcecode.c.objc; name = CCActionInterval.m; path = libs/cocos2d/CCActionInterval.m; sourceTree = "<group>"; };
		80EBD0331430936400177A6B /* CCActionManager.h */ = {isa = PBXFileReference; name = CCActionManager.h; path = libs/cocos2d/CCActionManager.h; sourceTree = "<group>"; };
		80EBD0341430936400177A6B /* CCActionManager.m */ = {isa = PBXFileReference; lastKnownFileType = sourcecode.c.objc; name = CCActionManager.m; path = libs/cocos2d/CCActionManager.m; sourceTree = "<group>"; };
		80EBD0361430936400177A6B /* CCActionPageTurn3D.h */ = {isa = PBXFileReference; name = CCActionPageTurn3D.h; path = libs/cocos2d/CCActionPageTurn3D.h; sourceTree = "<group>"; };
		80EBD0371430936400177A6B /* CCActionPageTurn3D.m */ = {isa = PBXFileReference; lastKnownFileType = sourcecode.c.objc; name = CCActionPageTurn3D.m; path = libs/cocos2d/CCActionPageTurn3D.m; sourceTree = "<group>"; };
		80EBD0391430936400177A6B /* CCActionProgressTimer.h */ = {isa = PBXFileReference; name = CCActionProgressTimer.h; path = libs/cocos2d/CCActionProgressTimer.h; sourceTree = "<group>"; };
		80EBD03A1430936400177A6B /* CCActionProgressTimer.m */ = {isa = PBXFileReference; lastKnownFileType = sourcecode.c.objc; name = CCActionProgressTimer.m; path = libs/cocos2d/CCActionProgressTimer.m; sourceTree = "<group>"; };
		80EBD03C1430936400177A6B /* CCActionTiledGrid.h */ = {isa = PBXFileReference; name = CCActionTiledGrid.h; path = libs/cocos2d/CCActionTiledGrid.h; sourceTree = "<group>"; };
		80EBD03D1430936400177A6B /* CCActionTiledGrid.m */ = {isa = PBXFileReference; lastKnownFileType = sourcecode.c.objc; name = CCActionTiledGrid.m; path = libs/cocos2d/CCActionTiledGrid.m; sourceTree = "<group>"; };
		80EBD03F1430936400177A6B /* CCActionTween.h */ = {isa = PBXFileReference; name = CCActionTween.h; path = libs/cocos2d/CCActionTween.h; sourceTree = "<group>"; };
		80EBD0401430936400177A6B /* CCActionTween.m */ = {isa = PBXFileReference; lastKnownFileType = sourcecode.c.objc; name = CCActionTween.m; path = libs/cocos2d/CCActionTween.m; sourceTree = "<group>"; };
		80EBD0421430936400177A6B /* CCAnimation.h */ = {isa = PBXFileReference; name = CCAnimation.h; path = libs/cocos2d/CCAnimation.h; sourceTree = "<group>"; };
		80EBD0431430936400177A6B /* CCAnimation.m */ = {isa = PBXFileReference; lastKnownFileType = sourcecode.c.objc; name = CCAnimation.m; path = libs/cocos2d/CCAnimation.m; sourceTree = "<group>"; };
		80EBD0451430936400177A6B /* CCAnimationCache.h */ = {isa = PBXFileReference; name = CCAnimationCache.h; path = libs/cocos2d/CCAnimationCache.h; sourceTree = "<group>"; };
		80EBD0461430936400177A6B /* CCAnimationCache.m */ = {isa = PBXFileReference; lastKnownFileType = sourcecode.c.objc; name = CCAnimationCache.m; path = libs/cocos2d/CCAnimationCache.m; sourceTree = "<group>"; };
		80EBD0481430936400177A6B /* CCAtlasNode.h */ = {isa = PBXFileReference; name = CCAtlasNode.h; path = libs/cocos2d/CCAtlasNode.h; sourceTree = "<group>"; };
		80EBD0491430936400177A6B /* CCAtlasNode.m */ = {isa = PBXFileReference; lastKnownFileType = sourcecode.c.objc; name = CCAtlasNode.m; path = libs/cocos2d/CCAtlasNode.m; sourceTree = "<group>"; };
		80EBD04B1430936400177A6B /* CCBlockSupport.h */ = {isa = PBXFileReference; name = CCBlockSupport.h; path = libs/cocos2d/CCBlockSupport.h; sourceTree = "<group>"; };
		80EBD04C1430936400177A6B /* CCBlockSupport.m */ = {isa = PBXFileReference; lastKnownFileType = sourcecode.c.objc; name = CCBlockSupport.m; path = libs/cocos2d/CCBlockSupport.m; sourceTree = "<group>"; };
		80EBD04E1430936400177A6B /* CCCamera.h */ = {isa = PBXFileReference; name = CCCamera.h; path = libs/cocos2d/CCCamera.h; sourceTree = "<group>"; };
		80EBD04F1430936400177A6B /* CCCamera.m */ = {isa = PBXFileReference; lastKnownFileType = sourcecode.c.objc; name = CCCamera.m; path = libs/cocos2d/CCCamera.m; sourceTree = "<group>"; };
		80EBD0511430936400177A6B /* ccConfig.h */ = {isa = PBXFileReference; name = ccConfig.h; path = libs/cocos2d/ccConfig.h; sourceTree = "<group>"; };
		80EBD0521430936400177A6B /* CCConfiguration.h */ = {isa = PBXFileReference; name = CCConfiguration.h; path = libs/cocos2d/CCConfiguration.h; sourceTree = "<group>"; };
		80EBD0531430936400177A6B /* CCConfiguration.m */ = {isa = PBXFileReference; lastKnownFileType = sourcecode.c.objc; name = CCConfiguration.m; path = libs/cocos2d/CCConfiguration.m; sourceTree = "<group>"; };
		80EBD0551430936400177A6B /* CCDirector.h */ = {isa = PBXFileReference; name = CCDirector.h; path = libs/cocos2d/CCDirector.h; sourceTree = "<group>"; };
		80EBD0561430936400177A6B /* CCDirector.m */ = {isa = PBXFileReference; lastKnownFileType = sourcecode.c.objc; name = CCDirector.m; path = libs/cocos2d/CCDirector.m; sourceTree = "<group>"; };
		80EBD0581430936400177A6B /* CCDrawingPrimitives.h */ = {isa = PBXFileReference; name = CCDrawingPrimitives.h; path = libs/cocos2d/CCDrawingPrimitives.h; sourceTree = "<group>"; };
		80EBD0591430936400177A6B /* CCDrawingPrimitives.m */ = {isa = PBXFileReference; lastKnownFileType = sourcecode.c.objc; name = CCDrawingPrimitives.m; path = libs/cocos2d/CCDrawingPrimitives.m; sourceTree = "<group>"; };
		80EBD05B1430936400177A6B /* CCGrabber.h */ = {isa = PBXFileReference; name = CCGrabber.h; path = libs/cocos2d/CCGrabber.h; sourceTree = "<group>"; };
		80EBD05C1430936400177A6B /* CCGrabber.m */ = {isa = PBXFileReference; lastKnownFileType = sourcecode.c.objc; name = CCGrabber.m; path = libs/cocos2d/CCGrabber.m; sourceTree = "<group>"; };
		80EBD05E1430936400177A6B /* CCGrid.h */ = {isa = PBXFileReference; name = CCGrid.h; path = libs/cocos2d/CCGrid.h; sourceTree = "<group>"; };
		80EBD05F1430936400177A6B /* CCGrid.m */ = {isa = PBXFileReference; lastKnownFileType = sourcecode.c.objc; name = CCGrid.m; path = libs/cocos2d/CCGrid.m; sourceTree = "<group>"; };
		80EBD0611430936400177A6B /* CCLabelAtlas.h */ = {isa = PBXFileReference; name = CCLabelAtlas.h; path = libs/cocos2d/CCLabelAtlas.h; sourceTree = "<group>"; };
		80EBD0621430936400177A6B /* CCLabelAtlas.m */ = {isa = PBXFileReference; lastKnownFileType = sourcecode.c.objc; name = CCLabelAtlas.m; path = libs/cocos2d/CCLabelAtlas.m; sourceTree = "<group>"; };
		80EBD0641430936400177A6B /* CCLabelBMFont.h */ = {isa = PBXFileReference; name = CCLabelBMFont.h; path = libs/cocos2d/CCLabelBMFont.h; sourceTree = "<group>"; };
		80EBD0651430936400177A6B /* CCLabelBMFont.m */ = {isa = PBXFileReference; lastKnownFileType = sourcecode.c.objc; name = CCLabelBMFont.m; path = libs/cocos2d/CCLabelBMFont.m; sourceTree = "<group>"; };
		80EBD0671430936400177A6B /* CCLabelTTF.h */ = {isa = PBXFileReference; name = CCLabelTTF.h; path = libs/cocos2d/CCLabelTTF.h; sourceTree = "<group>"; };
		80EBD0681430936400177A6B /* CCLabelTTF.m */ = {isa = PBXFileReference; lastKnownFileType = sourcecode.c.objc; name = CCLabelTTF.m; path = libs/cocos2d/CCLabelTTF.m; sourceTree = "<group>"; };
		80EBD06A1430936400177A6B /* CCLayer.h */ = {isa = PBXFileReference; name = CCLayer.h; path = libs/cocos2d/CCLayer.h; sourceTree = "<group>"; };
		80EBD06B1430936400177A6B /* CCLayer.m */ = {isa = PBXFileReference; lastKnownFileType = sourcecode.c.objc; name = CCLayer.m; path = libs/cocos2d/CCLayer.m; sourceTree = "<group>"; };
		80EBD06D1430936400177A6B /* ccMacros.h */ = {isa = PBXFileReference; name = ccMacros.h; path = libs/cocos2d/ccMacros.h; sourceTree = "<group>"; };
		80EBD06E1430936400177A6B /* CCMenu.h */ = {isa = PBXFileReference; name = CCMenu.h; path = libs/cocos2d/CCMenu.h; sourceTree = "<group>"; };
		80EBD06F1430936400177A6B /* CCMenu.m */ = {isa = PBXFileReference; lastKnownFileType = sourcecode.c.objc; name = CCMenu.m; path = libs/cocos2d/CCMenu.m; sourceTree = "<group>"; };
		80EBD0711430936400177A6B /* CCMenuItem.h */ = {isa = PBXFileReference; name = CCMenuItem.h; path = libs/cocos2d/CCMenuItem.h; sourceTree = "<group>"; };
		80EBD0721430936400177A6B /* CCMenuItem.m */ = {isa = PBXFileReference; lastKnownFileType = sourcecode.c.objc; name = CCMenuItem.m; path = libs/cocos2d/CCMenuItem.m; sourceTree = "<group>"; };
		80EBD0741430936400177A6B /* CCMotionStreak.h */ = {isa = PBXFileReference; name = CCMotionStreak.h; path = libs/cocos2d/CCMotionStreak.h; sourceTree = "<group>"; };
		80EBD0751430936400177A6B /* CCMotionStreak.m */ = {isa = PBXFileReference; lastKnownFileType = sourcecode.c.objc; name = CCMotionStreak.m; path = libs/cocos2d/CCMotionStreak.m; sourceTree = "<group>"; };
		80EBD0771430936400177A6B /* CCNode.h */ = {isa = PBXFileReference; name = CCNode.h; path = libs/cocos2d/CCNode.h; sourceTree = "<group>"; };
		80EBD0781430936400177A6B /* CCNode.m */ = {isa = PBXFileReference; lastKnownFileType = sourcecode.c.objc; name = CCNode.m; path = libs/cocos2d/CCNode.m; sourceTree = "<group>"; };
		80EBD07A1430936400177A6B /* CCParallaxNode.h */ = {isa = PBXFileReference; name = CCParallaxNode.h; path = libs/cocos2d/CCParallaxNode.h; sourceTree = "<group>"; };
		80EBD07B1430936500177A6B /* CCParallaxNode.m */ = {isa = PBXFileReference; lastKnownFileType = sourcecode.c.objc; name = CCParallaxNode.m; path = libs/cocos2d/CCParallaxNode.m; sourceTree = "<group>"; };
		80EBD07D1430936500177A6B /* CCParticleExamples.h */ = {isa = PBXFileReference; name = CCParticleExamples.h; path = libs/cocos2d/CCParticleExamples.h; sourceTree = "<group>"; };
		80EBD07E1430936500177A6B /* CCParticleExamples.m */ = {isa = PBXFileReference; lastKnownFileType = sourcecode.c.objc; name = CCParticleExamples.m; path = libs/cocos2d/CCParticleExamples.m; sourceTree = "<group>"; };
		80EBD0801430936500177A6B /* CCParticleSystem.h */ = {isa = PBXFileReference; name = CCParticleSystem.h; path = libs/cocos2d/CCParticleSystem.h; sourceTree = "<group>"; };
		80EBD0811430936500177A6B /* CCParticleSystem.m */ = {isa = PBXFileReference; lastKnownFileType = sourcecode.c.objc; name = CCParticleSystem.m; path = libs/cocos2d/CCParticleSystem.m; sourceTree = "<group>"; };
		80EBD0831430936500177A6B /* CCParticleSystemPoint.h */ = {isa = PBXFileReference; name = CCParticleSystemPoint.h; path = libs/cocos2d/CCParticleSystemPoint.h; sourceTree = "<group>"; };
		80EBD0841430936500177A6B /* CCParticleSystemPoint.m */ = {isa = PBXFileReference; lastKnownFileType = sourcecode.c.objc; name = CCParticleSystemPoint.m; path = libs/cocos2d/CCParticleSystemPoint.m; sourceTree = "<group>"; };
		80EBD0861430936500177A6B /* CCParticleSystemQuad.h */ = {isa = PBXFileReference; name = CCParticleSystemQuad.h; path = libs/cocos2d/CCParticleSystemQuad.h; sourceTree = "<group>"; };
		80EBD0871430936500177A6B /* CCParticleSystemQuad.m */ = {isa = PBXFileReference; lastKnownFileType = sourcecode.c.objc; name = CCParticleSystemQuad.m; path = libs/cocos2d/CCParticleSystemQuad.m; sourceTree = "<group>"; };
		80EBD0891430936500177A6B /* CCProgressTimer.h */ = {isa = PBXFileReference; name = CCProgressTimer.h; path = libs/cocos2d/CCProgressTimer.h; sourceTree = "<group>"; };
		80EBD08A1430936500177A6B /* CCProgressTimer.m */ = {isa = PBXFileReference; lastKnownFileType = sourcecode.c.objc; name = CCProgressTimer.m; path = libs/cocos2d/CCProgressTimer.m; sourceTree = "<group>"; };
		80EBD08C1430936500177A6B /* CCProtocols.h */ = {isa = PBXFileReference; name = CCProtocols.h; path = libs/cocos2d/CCProtocols.h; sourceTree = "<group>"; };
		80EBD08D1430936500177A6B /* CCRenderTexture.h */ = {isa = PBXFileReference; name = CCRenderTexture.h; path = libs/cocos2d/CCRenderTexture.h; sourceTree = "<group>"; };
		80EBD08E1430936500177A6B /* CCRenderTexture.m */ = {isa = PBXFileReference; lastKnownFileType = sourcecode.c.objc; name = CCRenderTexture.m; path = libs/cocos2d/CCRenderTexture.m; sourceTree = "<group>"; };
		80EBD0901430936500177A6B /* CCRibbon.h */ = {isa = PBXFileReference; name = CCRibbon.h; path = libs/cocos2d/CCRibbon.h; sourceTree = "<group>"; };
		80EBD0911430936500177A6B /* CCRibbon.m */ = {isa = PBXFileReference; lastKnownFileType = sourcecode.c.objc; name = CCRibbon.m; path = libs/cocos2d/CCRibbon.m; sourceTree = "<group>"; };
		80EBD0931430936500177A6B /* CCScene.h */ = {isa = PBXFileReference; name = CCScene.h; path = libs/cocos2d/CCScene.h; sourceTree = "<group>"; };
		80EBD0941430936500177A6B /* CCScene.m */ = {isa = PBXFileReference; lastKnownFileType = sourcecode.c.objc; name = CCScene.m; path = libs/cocos2d/CCScene.m; sourceTree = "<group>"; };
		80EBD0961430936500177A6B /* CCScheduler.h */ = {isa = PBXFileReference; name = CCScheduler.h; path = libs/cocos2d/CCScheduler.h; sourceTree = "<group>"; };
		80EBD0971430936500177A6B /* CCScheduler.m */ = {isa = PBXFileReference; lastKnownFileType = sourcecode.c.objc; name = CCScheduler.m; path = libs/cocos2d/CCScheduler.m; sourceTree = "<group>"; };
		80EBD0991430936500177A6B /* CCSprite.h */ = {isa = PBXFileReference; name = CCSprite.h; path = libs/cocos2d/CCSprite.h; sourceTree = "<group>"; };
		80EBD09A1430936500177A6B /* CCSprite.m */ = {isa = PBXFileReference; lastKnownFileType = sourcecode.c.objc; name = CCSprite.m; path = libs/cocos2d/CCSprite.m; sourceTree = "<group>"; };
		80EBD09C1430936500177A6B /* CCSpriteBatchNode.h */ = {isa = PBXFileReference; name = CCSpriteBatchNode.h; path = libs/cocos2d/CCSpriteBatchNode.h; sourceTree = "<group>"; };
		80EBD09D1430936500177A6B /* CCSpriteBatchNode.m */ = {isa = PBXFileReference; lastKnownFileType = sourcecode.c.objc; name = CCSpriteBatchNode.m; path = libs/cocos2d/CCSpriteBatchNode.m; sourceTree = "<group>"; };
		80EBD09F1430936500177A6B /* CCSpriteFrame.h */ = {isa = PBXFileReference; name = CCSpriteFrame.h; path = libs/cocos2d/CCSpriteFrame.h; sourceTree = "<group>"; };
		80EBD0A01430936500177A6B /* CCSpriteFrame.m */ = {isa = PBXFileReference; lastKnownFileType = sourcecode.c.objc; name = CCSpriteFrame.m; path = libs/cocos2d/CCSpriteFrame.m; sourceTree = "<group>"; };
		80EBD0A21430936500177A6B /* CCSpriteFrameCache.h */ = {isa = PBXFileReference; name = CCSpriteFrameCache.h; path = libs/cocos2d/CCSpriteFrameCache.h; sourceTree = "<group>"; };
		80EBD0A31430936500177A6B /* CCSpriteFrameCache.m */ = {isa = PBXFileReference; lastKnownFileType = sourcecode.c.objc; name = CCSpriteFrameCache.m; path = libs/cocos2d/CCSpriteFrameCache.m; sourceTree = "<group>"; };
		80EBD0A51430936600177A6B /* CCTexture2D.h */ = {isa = PBXFileReference; name = CCTexture2D.h; path = libs/cocos2d/CCTexture2D.h; sourceTree = "<group>"; };
		80EBD0A61430936600177A6B /* CCTexture2D.m */ = {isa = PBXFileReference; lastKnownFileType = sourcecode.c.objc; name = CCTexture2D.m; path = libs/cocos2d/CCTexture2D.m; sourceTree = "<group>"; };
		80EBD0A81430936600177A6B /* CCTextureAtlas.h */ = {isa = PBXFileReference; name = CCTextureAtlas.h; path = libs/cocos2d/CCTextureAtlas.h; sourceTree = "<group>"; };
		80EBD0A91430936600177A6B /* CCTextureAtlas.m */ = {isa = PBXFileReference; lastKnownFileType = sourcecode.c.objc; name = CCTextureAtlas.m; path = libs/cocos2d/CCTextureAtlas.m; sourceTree = "<group>"; };
		80EBD0AB1430936600177A6B /* CCTextureCache.h */ = {isa = PBXFileReference; name = CCTextureCache.h; path = libs/cocos2d/CCTextureCache.h; sourceTree = "<group>"; };
		80EBD0AC1430936600177A6B /* CCTextureCache.m */ = {isa = PBXFileReference; lastKnownFileType = sourcecode.c.objc; name = CCTextureCache.m; path = libs/cocos2d/CCTextureCache.m; sourceTree = "<group>"; };
		80EBD0AE1430936600177A6B /* CCTexturePVR.h */ = {isa = PBXFileReference; name = CCTexturePVR.h; path = libs/cocos2d/CCTexturePVR.h; sourceTree = "<group>"; };
		80EBD0AF1430936600177A6B /* CCTexturePVR.m */ = {isa = PBXFileReference; lastKnownFileType = sourcecode.c.objc; name = CCTexturePVR.m; path = libs/cocos2d/CCTexturePVR.m; sourceTree = "<group>"; };
		80EBD0B11430936600177A6B /* CCTileMapAtlas.h */ = {isa = PBXFileReference; name = CCTileMapAtlas.h; path = libs/cocos2d/CCTileMapAtlas.h; sourceTree = "<group>"; };
		80EBD0B21430936600177A6B /* CCTileMapAtlas.m */ = {isa = PBXFileReference; lastKnownFileType = sourcecode.c.objc; name = CCTileMapAtlas.m; path = libs/cocos2d/CCTileMapAtlas.m; sourceTree = "<group>"; };
		80EBD0B41430936600177A6B /* CCTMXLayer.h */ = {isa = PBXFileReference; name = CCTMXLayer.h; path = libs/cocos2d/CCTMXLayer.h; sourceTree = "<group>"; };
		80EBD0B51430936600177A6B /* CCTMXLayer.m */ = {isa = PBXFileReference; lastKnownFileType = sourcecode.c.objc; name = CCTMXLayer.m; path = libs/cocos2d/CCTMXLayer.m; sourceTree = "<group>"; };
		80EBD0B71430936600177A6B /* CCTMXObjectGroup.h */ = {isa = PBXFileReference; name = CCTMXObjectGroup.h; path = libs/cocos2d/CCTMXObjectGroup.h; sourceTree = "<group>"; };
		80EBD0B81430936600177A6B /* CCTMXObjectGroup.m */ = {isa = PBXFileReference; lastKnownFileType = sourcecode.c.objc; name = CCTMXObjectGroup.m; path = libs/cocos2d/CCTMXObjectGroup.m; sourceTree = "<group>"; };
		80EBD0BA1430936600177A6B /* CCTMXTiledMap.h */ = {isa = PBXFileReference; name = CCTMXTiledMap.h; path = libs/cocos2d/CCTMXTiledMap.h; sourceTree = "<group>"; };
		80EBD0BB1430936600177A6B /* CCTMXTiledMap.m */ = {isa = PBXFileReference; lastKnownFileType = sourcecode.c.objc; name = CCTMXTiledMap.m; path = libs/cocos2d/CCTMXTiledMap.m; sourceTree = "<group>"; };
		80EBD0BD1430936600177A6B /* CCTMXXMLParser.h */ = {isa = PBXFileReference; name = CCTMXXMLParser.h; path = libs/cocos2d/CCTMXXMLParser.h; sourceTree = "<group>"; };
		80EBD0BE1430936600177A6B /* CCTMXXMLParser.m */ = {isa = PBXFileReference; lastKnownFileType = sourcecode.c.objc; name = CCTMXXMLParser.m; path = libs/cocos2d/CCTMXXMLParser.m; sourceTree = "<group>"; };
		80EBD0C01430936600177A6B /* CCTransition.h */ = {isa = PBXFileReference; name = CCTransition.h; path = libs/cocos2d/CCTransition.h; sourceTree = "<group>"; };
		80EBD0C11430936600177A6B /* CCTransition.m */ = {isa = PBXFileReference; lastKnownFileType = sourcecode.c.objc; name = CCTransition.m; path = libs/cocos2d/CCTransition.m; sourceTree = "<group>"; };
		80EBD0C31430936600177A6B /* CCTransitionPageTurn.h */ = {isa = PBXFileReference; name = CCTransitionPageTurn.h; path = libs/cocos2d/CCTransitionPageTurn.h; sourceTree = "<group>"; };
		80EBD0C41430936600177A6B /* CCTransitionPageTurn.m */ = {isa = PBXFileReference; lastKnownFileType = sourcecode.c.objc; name = CCTransitionPageTurn.m; path = libs/cocos2d/CCTransitionPageTurn.m; sourceTree = "<group>"; };
		80EBD0C61430936600177A6B /* CCTransitionRadial.h */ = {isa = PBXFileReference; name = CCTransitionRadial.h; path = libs/cocos2d/CCTransitionRadial.h; sourceTree = "<group>"; };
		80EBD0C71430936600177A6B /* CCTransitionRadial.m */ = {isa = PBXFileReference; lastKnownFileType = sourcecode.c.objc; name = CCTransitionRadial.m; path = libs/cocos2d/CCTransitionRadial.m; sourceTree = "<group>"; };
		80EBD0C91430936600177A6B /* ccTypes.h */ = {isa = PBXFileReference; name = ccTypes.h; path = libs/cocos2d/ccTypes.h; sourceTree = "<group>"; };
		80EBD0CA1430936600177A6B /* cocos2d.h */ = {isa = PBXFileReference; name = cocos2d.h; path = libs/cocos2d/cocos2d.h; sourceTree = "<group>"; };
		80EBD0CB1430936600177A6B /* cocos2d.m */ = {isa = PBXFileReference; lastKnownFileType = sourcecode.c.objc; name = cocos2d.m; path = libs/cocos2d/cocos2d.m; sourceTree = "<group>"; };
		80EBD0CE1430936600177A6B /* CCGL.h */ = {isa = PBXFileReference; name = CCGL.h; path = libs/cocos2d/Platforms/CCGL.h; sourceTree = "<group>"; };
		80EBD0CF1430936600177A6B /* CCNS.h */ = {isa = PBXFileReference; name = CCNS.h; path = libs/cocos2d/Platforms/CCNS.h; sourceTree = "<group>"; };
		80EBD0D11430936600177A6B /* CCDirectorIOS.h */ = {isa = PBXFileReference; name = CCDirectorIOS.h; path = libs/cocos2d/Platforms/iOS/CCDirectorIOS.h; sourceTree = "<group>"; };
		80EBD0D21430936600177A6B /* CCDirectorIOS.m */ = {isa = PBXFileReference; lastKnownFileType = sourcecode.c.objc; name = CCDirectorIOS.m; path = libs/cocos2d/Platforms/iOS/CCDirectorIOS.m; sourceTree = "<group>"; };
		80EBD0D41430936600177A6B /* CCTouchDelegateProtocol.h */ = {isa = PBXFileReference; name = CCTouchDelegateProtocol.h; path = libs/cocos2d/Platforms/iOS/CCTouchDelegateProtocol.h; sourceTree = "<group>"; };
		80EBD0D51430936600177A6B /* CCTouchDispatcher.h */ = {isa = PBXFileReference; name = CCTouchDispatcher.h; path = libs/cocos2d/Platforms/iOS/CCTouchDispatcher.h; sourceTree = "<group>"; };
		80EBD0D61430936600177A6B /* CCTouchDispatcher.m */ = {isa = PBXFileReference; lastKnownFileType = sourcecode.c.objc; name = CCTouchDispatcher.m; path = libs/cocos2d/Platforms/iOS/CCTouchDispatcher.m; sourceTree = "<group>"; };
		80EBD0D81430936600177A6B /* CCTouchHandler.h */ = {isa = PBXFileReference; name = CCTouchHandler.h; path = libs/cocos2d/Platforms/iOS/CCTouchHandler.h; sourceTree = "<group>"; };
		80EBD0D91430936600177A6B /* CCTouchHandler.m */ = {isa = PBXFileReference; lastKnownFileType = sourcecode.c.objc; name = CCTouchHandler.m; path = libs/cocos2d/Platforms/iOS/CCTouchHandler.m; sourceTree = "<group>"; };
		80EBD0DB1430936700177A6B /* EAGLView.h */ = {isa = PBXFileReference; name = EAGLView.h; path = libs/cocos2d/Platforms/iOS/EAGLView.h; sourceTree = "<group>"; };
		80EBD0DC1430936700177A6B /* EAGLView.m */ = {isa = PBXFileReference; lastKnownFileType = sourcecode.c.objc; name = EAGLView.m; path = libs/cocos2d/Platforms/iOS/EAGLView.m; sourceTree = "<group>"; };
		80EBD0DE1430936700177A6B /* ES1Renderer.h */ = {isa = PBXFileReference; name = ES1Renderer.h; path = libs/cocos2d/Platforms/iOS/ES1Renderer.h; sourceTree = "<group>"; };
		80EBD0DF1430936700177A6B /* ES1Renderer.m */ = {isa = PBXFileReference; lastKnownFileType = sourcecode.c.objc; name = ES1Renderer.m; path = libs/cocos2d/Platforms/iOS/ES1Renderer.m; sourceTree = "<group>"; };
		80EBD0E11430936700177A6B /* ESRenderer.h */ = {isa = PBXFileReference; name = ESRenderer.h; path = libs/cocos2d/Platforms/iOS/ESRenderer.h; sourceTree = "<group>"; };
		80EBD0E21430936700177A6B /* glu.c */ = {isa = PBXFileReference; lastKnownFileType = sourcecode.c.c; name = glu.c; path = libs/cocos2d/Platforms/iOS/glu.c; sourceTree = "<group>"; };
		80EBD0E41430936700177A6B /* glu.h */ = {isa = PBXFileReference; name = glu.h; path = libs/cocos2d/Platforms/iOS/glu.h; sourceTree = "<group>"; };
		80EBD0E61430936700177A6B /* CCDirectorMac.h */ = {isa = PBXFileReference; name = CCDirectorMac.h; path = libs/cocos2d/Platforms/Mac/CCDirectorMac.h; sourceTree = "<group>"; };
		80EBD0E71430936700177A6B /* CCDirectorMac.m */ = {isa = PBXFileReference; lastKnownFileType = sourcecode.c.objc; name = CCDirectorMac.m; path = libs/cocos2d/Platforms/Mac/CCDirectorMac.m; sourceTree = "<group>"; };
		80EBD0E91430936700177A6B /* CCEventDispatcher.h */ = {isa = PBXFileReference; name = CCEventDispatcher.h; path = libs/cocos2d/Platforms/Mac/CCEventDispatcher.h; sourceTree = "<group>"; };
		80EBD0EA1430936700177A6B /* CCEventDispatcher.m */ = {isa = PBXFileReference; lastKnownFileType = sourcecode.c.objc; name = CCEventDispatcher.m; path = libs/cocos2d/Platforms/Mac/CCEventDispatcher.m; sourceTree = "<group>"; };
		80EBD0EC1430936700177A6B /* MacGLView.h */ = {isa = PBXFileReference; name = MacGLView.h; path = libs/cocos2d/Platforms/Mac/MacGLView.h; sourceTree = "<group>"; };
		80EBD0ED1430936700177A6B /* MacGLView.m */ = {isa = PBXFileReference; lastKnownFileType = sourcecode.c.objc; name = MacGLView.m; path = libs/cocos2d/Platforms/Mac/MacGLView.m; sourceTree = "<group>"; };
		80EBD0EF1430936700177A6B /* MacWindow.h */ = {isa = PBXFileReference; name = MacWindow.h; path = libs/cocos2d/Platforms/Mac/MacWindow.h; sourceTree = "<group>"; };
		80EBD0F01430936700177A6B /* MacWindow.m */ = {isa = PBXFileReference; lastKnownFileType = sourcecode.c.objc; name = MacWindow.m; path = libs/cocos2d/Platforms/Mac/MacWindow.m; sourceTree = "<group>"; };
		80EBD0F31430936700177A6B /* base64.c */ = {isa = PBXFileReference; lastKnownFileType = sourcecode.c.c; name = base64.c; path = libs/cocos2d/Support/base64.c; sourceTree = "<group>"; };
		80EBD0F51430936700177A6B /* base64.h */ = {isa = PBXFileReference; name = base64.h; path = libs/cocos2d/Support/base64.h; sourceTree = "<group>"; };
		80EBD0F61430936700177A6B /* CCArray.h */ = {isa = PBXFileReference; name = CCArray.h; path = libs/cocos2d/Support/CCArray.h; sourceTree = "<group>"; };
		80EBD0F71430936700177A6B /* CCArray.m */ = {isa = PBXFileReference; lastKnownFileType = sourcecode.c.objc; name = CCArray.m; path = libs/cocos2d/Support/CCArray.m; sourceTree = "<group>"; };
		80EBD0F91430936700177A6B /* ccCArray.h */ = {isa = PBXFileReference; name = ccCArray.h; path = libs/cocos2d/Support/ccCArray.h; sourceTree = "<group>"; };
		80EBD0FA1430936700177A6B /* CCFileUtils.h */ = {isa = PBXFileReference; name = CCFileUtils.h; path = libs/cocos2d/Support/CCFileUtils.h; sourceTree = "<group>"; };
		80EBD0FB1430936700177A6B /* CCFileUtils.m */ = {isa = PBXFileReference; lastKnownFileType = sourcecode.c.objc; name = CCFileUtils.m; path = libs/cocos2d/Support/CCFileUtils.m; sourceTree = "<group>"; };
		80EBD0FD1430936700177A6B /* CCProfiling.h */ = {isa = PBXFileReference; name = CCProfiling.h; path = libs/cocos2d/Support/CCProfiling.h; sourceTree = "<group>"; };
		80EBD0FE1430936700177A6B /* CCProfiling.m */ = {isa = PBXFileReference; lastKnownFileType = sourcecode.c.objc; name = CCProfiling.m; path = libs/cocos2d/Support/CCProfiling.m; sourceTree = "<group>"; };
		80EBD1001430936700177A6B /* ccUtils.c */ = {isa = PBXFileReference; lastKnownFileType = sourcecode.c.c; name = ccUtils.c; path = libs/cocos2d/Support/ccUtils.c; sourceTree = "<group>"; };
		80EBD1021430936700177A6B /* ccUtils.h */ = {isa = PBXFileReference; name = ccUtils.h; path = libs/cocos2d/Support/ccUtils.h; sourceTree = "<group>"; };
		80EBD1031430936700177A6B /* CGPointExtension.h */ = {isa = PBXFileReference; name = CGPointExtension.h; path = libs/cocos2d/Support/CGPointExtension.h; sourceTree = "<group>"; };
		80EBD1041430936700177A6B /* CGPointExtension.m */ = {isa = PBXFileReference; lastKnownFileType = sourcecode.c.objc; name = CGPointExtension.m; path = libs/cocos2d/Support/CGPointExtension.m; sourceTree = "<group>"; };
		80EBD1061430936700177A6B /* OpenGL_Internal.h */ = {isa = PBXFileReference; name = OpenGL_Internal.h; path = libs/cocos2d/Support/OpenGL_Internal.h; sourceTree = "<group>"; };
		80EBD1071430936700177A6B /* TGAlib.h */ = {isa = PBXFileReference; name = TGAlib.h; path = libs/cocos2d/Support/TGAlib.h; sourceTree = "<group>"; };
		80EBD1081430936700177A6B /* TGAlib.m */ = {isa = PBXFileReference; lastKnownFileType = sourcecode.c.objc; name = TGAlib.m; path = libs/cocos2d/Support/TGAlib.m; sourceTree = "<group>"; };
		80EBD10A1430936700177A6B /* TransformUtils.h */ = {isa = PBXFileReference; name = TransformUtils.h; path = libs/cocos2d/Support/TransformUtils.h; sourceTree = "<group>"; };
		80EBD10B1430936700177A6B /* TransformUtils.m */ = {isa = PBXFileReference; lastKnownFileType = sourcecode.c.objc; name = TransformUtils.m; path = libs/cocos2d/Support/TransformUtils.m; sourceTree = "<group>"; };
		80EBD10D1430936800177A6B /* uthash.h */ = {isa = PBXFileReference; name = uthash.h; path = libs/cocos2d/Support/uthash.h; sourceTree = "<group>"; };
		80EBD10E1430936800177A6B /* utlist.h */ = {isa = PBXFileReference; name = utlist.h; path = libs/cocos2d/Support/utlist.h; sourceTree = "<group>"; };
		80EBD10F1430936800177A6B /* ZipUtils.h */ = {isa = PBXFileReference; name = ZipUtils.h; path = libs/cocos2d/Support/ZipUtils.h; sourceTree = "<group>"; };
		80EBD1101430936800177A6B /* ZipUtils.m */ = {isa = PBXFileReference; lastKnownFileType = sourcecode.c.objc; name = ZipUtils.m; path = libs/cocos2d/Support/ZipUtils.m; sourceTree = "<group>"; };
		80EBD1121430936800177A6B /* LICENSE_cocos2d.txt */ = {isa = PBXFileReference; name = LICENSE_cocos2d.txt; path = libs/LICENSE_cocos2d.txt; sourceTree = "<group>"; };
		80EBD1141430936800177A6B /* CDAudioManager.h */ = {isa = PBXFileReference; name = CDAudioManager.h; path = libs/CocosDenshion/CDAudioManager.h; sourceTree = "<group>"; };
		80EBD1151430936800177A6B /* CDAudioManager.m */ = {isa = PBXFileReference; lastKnownFileType = sourcecode.c.objc; name = CDAudioManager.m; path = libs/CocosDenshion/CDAudioManager.m; sourceTree = "<group>"; };
		80EBD1171430936800177A6B /* CDConfig.h */ = {isa = PBXFileReference; name = CDConfig.h; path = libs/CocosDenshion/CDConfig.h; sourceTree = "<group>"; };
		80EBD1181430936800177A6B /* CDOpenALSupport.h */ = {isa = PBXFileReference; name = CDOpenALSupport.h; path = libs/CocosDenshion/CDOpenALSupport.h; sourceTree = "<group>"; };
		80EBD1191430936800177A6B /* CDOpenALSupport.m */ = {isa = PBXFileReference; lastKnownFileType = sourcecode.c.objc; name = CDOpenALSupport.m; path = libs/CocosDenshion/CDOpenALSupport.m; sourceTree = "<group>"; };
		80EBD11B1430936800177A6B /* CocosDenshion.h */ = {isa = PBXFileReference; name = CocosDenshion.h; path = libs/CocosDenshion/CocosDenshion.h; sourceTree = "<group>"; };
		80EBD11C1430936800177A6B /* CocosDenshion.m */ = {isa = PBXFileReference; lastKnownFileType = sourcecode.c.objc; name = CocosDenshion.m; path = libs/CocosDenshion/CocosDenshion.m; sourceTree = "<group>"; };
		80EBD11E1430936800177A6B /* SimpleAudioEngine.h */ = {isa = PBXFileReference; name = SimpleAudioEngine.h; path = libs/CocosDenshion/SimpleAudioEngine.h; sourceTree = "<group>"; };
		80EBD11F1430936800177A6B /* SimpleAudioEngine.m */ = {isa = PBXFileReference; lastKnownFileType = sourcecode.c.objc; name = SimpleAudioEngine.m; path = libs/CocosDenshion/SimpleAudioEngine.m; sourceTree = "<group>"; };
		80EBD1211430936800177A6B /* LICENSE_CocosDenshion.txt */ = {isa = PBXFileReference; name = LICENSE_CocosDenshion.txt; path = libs/LICENSE_CocosDenshion.txt; sourceTree = "<group>"; };
		80EBD1231430936800177A6B /* CLScoreServerPost.h */ = {isa = PBXFileReference; name = CLScoreServerPost.h; path = libs/cocoslive/CLScoreServerPost.h; sourceTree = "<group>"; };
		80EBD1241430936800177A6B /* CLScoreServerPost.m */ = {isa = PBXFileReference; lastKnownFileType = sourcecode.c.objc; name = CLScoreServerPost.m; path = libs/cocoslive/CLScoreServerPost.m; sourceTree = "<group>"; };
		80EBD1261430936800177A6B /* CLScoreServerRequest.h */ = {isa = PBXFileReference; name = CLScoreServerRequest.h; path = libs/cocoslive/CLScoreServerRequest.h; sourceTree = "<group>"; };
		80EBD1271430936800177A6B /* CLScoreServerRequest.m */ = {isa = PBXFileReference; lastKnownFileType = sourcecode.c.objc; name = CLScoreServerRequest.m; path = libs/cocoslive/CLScoreServerRequest.m; sourceTree = "<group>"; };
		80EBD1291430936800177A6B /* cocoslive.h */ = {isa = PBXFileReference; name = cocoslive.h; path = libs/cocoslive/cocoslive.h; sourceTree = "<group>"; };
		80EBD12A1430936800177A6B /* cocoslive.m */ = {isa = PBXFileReference; lastKnownFileType = sourcecode.c.objc; name = cocoslive.m; path = libs/cocoslive/cocoslive.m; sourceTree = "<group>"; };
		80EBD12C1430936800177A6B /* LICENSE_TouchJSON.txt */ = {isa = PBXFileReference; name = LICENSE_TouchJSON.txt; path = libs/LICENSE_TouchJSON.txt; sourceTree = "<group>"; };
		80EBD12E1430936800177A6B /* CDataScanner.h */ = {isa = PBXFileReference; name = CDataScanner.h; path = libs/TouchJSON/CDataScanner.h; sourceTree = "<group>"; };
		80EBD12F1430936800177A6B /* CDataScanner.m */ = {isa = PBXFileReference; lastKnownFileType = sourcecode.c.objc; name = CDataScanner.m; path = libs/TouchJSON/CDataScanner.m; sourceTree = "<group>"; };
		80EBD1321430936800177A6B /* CDataScanner_Extensions.h */ = {isa = PBXFileReference; name = CDataScanner_Extensions.h; path = libs/TouchJSON/Extensions/CDataScanner_Extensions.h; sourceTree = "<group>"; };
		80EBD1331430936800177A6B /* CDataScanner_Extensions.m */ = {isa = PBXFileReference; lastKnownFileType = sourcecode.c.objc; name = CDataScanner_Extensions.m; path = libs/TouchJSON/Extensions/CDataScanner_Extensions.m; sourceTree = "<group>"; };
		80EBD1351430936800177A6B /* NSDictionary_JSONExtensions.h */ = {isa = PBXFileReference; name = NSDictionary_JSONExtensions.h; path = libs/TouchJSON/Extensions/NSDictionary_JSONExtensions.h; sourceTree = "<group>"; };
		80EBD1361430936800177A6B /* NSDictionary_JSONExtensions.m */ = {isa = PBXFileReference; lastKnownFileType = sourcecode.c.objc; name = NSDictionary_JSONExtensions.m; path = libs/TouchJSON/Extensions/NSDictionary_JSONExtensions.m; sourceTree = "<group>"; };
		80EBD1391430936800177A6B /* CJSONDeserializer.h */ = {isa = PBXFileReference; name = CJSONDeserializer.h; path = libs/TouchJSON/JSON/CJSONDeserializer.h; sourceTree = "<group>"; };
		80EBD13A1430936800177A6B /* CJSONDeserializer.m */ = {isa = PBXFileReference; lastKnownFileType = sourcecode.c.objc; name = CJSONDeserializer.m; path = libs/TouchJSON/JSON/CJSONDeserializer.m; sourceTree = "<group>"; };
		80EBD13C1430936800177A6B /* CJSONScanner.h */ = {isa = PBXFileReference; name = CJSONScanner.h; path = libs/TouchJSON/JSON/CJSONScanner.h; sourceTree = "<group>"; };
		80EBD13D1430936800177A6B /* CJSONScanner.m */ = {isa = PBXFileReference; lastKnownFileType = sourcecode.c.objc; name = CJSONScanner.m; path = libs/TouchJSON/JSON/CJSONScanner.m; sourceTree = "<group>"; };
		80EBD13F1430936800177A6B /* CJSONSerializer.h */ = {isa = PBXFileReference; name = CJSONSerializer.h; path = libs/TouchJSON/JSON/CJSONSerializer.h; sourceTree = "<group>"; };
		80EBD1401430936800177A6B /* CJSONSerializer.m */ = {isa = PBXFileReference; lastKnownFileType = sourcecode.c.objc; name = CJSONSerializer.m; path = libs/TouchJSON/JSON/CJSONSerializer.m; sourceTree = "<group>"; };
		80EBD1421430936800177A6B /* JSONRepresentation.h */ = {isa = PBXFileReference; name = JSONRepresentation.h; path = libs/TouchJSON/JSON/JSONRepresentation.h; sourceTree = "<group>"; };
		80EBD1441430936800177A6B /* FontLabel.h */ = {isa = PBXFileReference; name = FontLabel.h; path = libs/FontLabel/FontLabel.h; sourceTree = "<group>"; };
		80EBD1451430936800177A6B /* FontLabel.m */ = {isa = PBXFileReference; lastKnownFileType = sourcecode.c.objc; name = FontLabel.m; path = libs/FontLabel/FontLabel.m; sourceTree = "<group>"; };
		80EBD1471430936800177A6B /* FontLabelStringDrawing.h */ = {isa = PBXFileReference; name = FontLabelStringDrawing.h; path = libs/FontLabel/FontLabelStringDrawing.h; sourceTree = "<group>"; };
		80EBD1481430936900177A6B /* FontLabelStringDrawing.m */ = {isa = PBXFileReference; lastKnownFileType = sourcecode.c.objc; name = FontLabelStringDrawing.m; path = libs/FontLabel/FontLabelStringDrawing.m; sourceTree = "<group>"; };
		80EBD14A1430936900177A6B /* FontManager.h */ = {isa = PBXFileReference; name = FontManager.h; path = libs/FontLabel/FontManager.h; sourceTree = "<group>"; };
		80EBD14B1430936900177A6B /* FontManager.m */ = {isa = PBXFileReference; lastKnownFileType = sourcecode.c.objc; name = FontManager.m; path = libs/FontLabel/FontManager.m; sourceTree = "<group>"; };
		80EBD14D1430936900177A6B /* ZAttributedString.h */ = {isa = PBXFileReference; name = ZAttributedString.h; path = libs/FontLabel/ZAttributedString.h; sourceTree = "<group>"; };
		80EBD14E1430936900177A6B /* ZAttributedString.m */ = {isa = PBXFileReference; lastKnownFileType = sourcecode.c.objc; name = ZAttributedString.m; path = libs/FontLabel/ZAttributedString.m; sourceTree = "<group>"; };
		80EBD1501430936900177A6B /* ZAttributedStringPrivate.h */ = {isa = PBXFileReference; name = ZAttributedStringPrivate.h; path = libs/FontLabel/ZAttributedStringPrivate.h; sourceTree = "<group>"; };
		80EBD1511430936900177A6B /* ZFont.h */ = {isa = PBXFileReference; name = ZFont.h; path = libs/FontLabel/ZFont.h; sourceTree = "<group>"; };
		80EBD1521430936900177A6B /* ZFont.m */ = {isa = PBXFileReference; lastKnownFileType = sourcecode.c.objc; name = ZFont.m; path = libs/FontLabel/ZFont.m; sourceTree = "<group>"; };
		80EBD1541430936900177A6B /* LICENSE_FontLabel.txt */ = {isa = PBXFileReference; name = LICENSE_FontLabel.txt; path = libs/LICENSE_FontLabel.txt; sourceTree = "<group>"; };
		80EBD1561430936900177A6B /* Prefix.pch */ = {isa = PBXFileReference; path = Prefix.pch; sourceTree = "<group>"; };
		80EBD1571430936900177A6B /* main.m */ = {isa = PBXFileReference; lastKnownFileType = sourcecode.c.objc; path = main.m; sourceTree = "<group>"; };
		80EBD1591430936900177A6B /* AppDelegate.h */ = {isa = PBXFileReference; path = AppDelegate.h; sourceTree = "<group>"; };
		80EBD15A1430936900177A6B /* AppDelegate.m */ = {isa = PBXFileReference; lastKnownFileType = sourcecode.c.objc; path = AppDelegate.m; sourceTree = "<group>"; };
		80EBD15C1430936900177A6B /* RootViewController.h */ = {isa = PBXFileReference; path = RootViewController.h; sourceTree = "<group>"; };
		80EBD15D1430936900177A6B /* RootViewController.m */ = {isa = PBXFileReference; lastKnownFileType = sourcecode.c.objc; path = RootViewController.m; sourceTree = "<group>"; };
		80EBD15F1430936900177A6B /* HelloWorldLayer.h */ = {isa = PBXFileReference; path = HelloWorldLayer.h; sourceTree = "<group>"; };
		80EBD1601430936900177A6B /* HelloWorldLayer.m */ = {isa = PBXFileReference; lastKnownFileType = sourcecode.c.objc; path = HelloWorldLayer.m; sourceTree = "<group>"; };
		80EBD1621430936900177A6B /* GameConfig.h */ = {isa = PBXFileReference; path = GameConfig.h; sourceTree = "<group>"; };
/* End PBXFileReference section */

/* Begin PBXFrameworksBuildPhase section */
		80EBCFF01430936300177A6B /* Frameworks */ = {
			isa = PBXFrameworksBuildPhase;
			buildActionMask = 2147483647;
			files = (
				80EBCFF81430936300177A6B /* QuartzCore.framework in Frameworks */,
				80EBCFFA1430936300177A6B /* OpenGLES.framework in Frameworks */,
				80EBCFFC1430936300177A6B /* OpenAL.framework in Frameworks */,
				80EBCFFE1430936300177A6B /* AudioToolbox.framework in Frameworks */,
				80EBD0001430936300177A6B /* AVFoundation.framework in Frameworks */,
				80EBD0021430936300177A6B /* UIKit.framework in Frameworks */,
				80EBD0041430936300177A6B /* Foundation.framework in Frameworks */,
				80EBD0061430936300177A6B /* CoreGraphics.framework in Frameworks */,
			);
			runOnlyForDeploymentPostprocessing = 0;
		};
/* End PBXFrameworksBuildPhase section */

/* Begin PBXGroup section */
		80EBCFE81430936300177A6B = {
			isa = PBXGroup;
			children = (
				80EBD0071430936300177A6B /* cocostouch */,
				80EBCFF61430936300177A6B /* Frameworks */,
				80EBCFF41430936300177A6B /* Products */,
			);
			sourceTree = "<group>";
		};
		80EBCFF41430936300177A6B /* Products */ = {
			isa = PBXGroup;
			children = (
				80EBCFF31430936300177A6B /* cocostouch.app */,
			);
			name = Products;
			sourceTree = "<group>";
		};
		80EBCFF61430936300177A6B /* Frameworks */ = {
			isa = PBXGroup;
			children = (
				80EBCFF71430936300177A6B /* QuartzCore.framework */,
				80EBCFF91430936300177A6B /* OpenGLES.framework */,
				80EBCFFB1430936300177A6B /* OpenAL.framework */,
				80EBCFFD1430936300177A6B /* AudioToolbox.framework */,
				80EBCFFF1430936300177A6B /* AVFoundation.framework */,
				80EBD0011430936300177A6B /* UIKit.framework */,
				80EBD0031430936300177A6B /* Foundation.framework */,
				80EBD0051430936300177A6B /* CoreGraphics.framework */,
			);
			name = Frameworks;
			sourceTree = "<group>";
		};
		80EBD0071430936300177A6B /* cocostouch */ = {
			isa = PBXGroup;
			children = (
				80EBD1591430936900177A6B /* AppDelegate.h */,
				80EBD15A1430936900177A6B /* AppDelegate.m */,
				80EBD15C1430936900177A6B /* RootViewController.h */,
				80EBD15D1430936900177A6B /* RootViewController.m */,
				80EBD15F1430936900177A6B /* HelloWorldLayer.h */,
				80EBD1601430936900177A6B /* HelloWorldLayer.m */,
				80EBD1621430936900177A6B /* GameConfig.h */,
				80EBD0081430936300177A6B /* Resources */,
				80EBD01C1430936300177A6B /* libs */,
				80EBD1551430936900177A6B /* Supporting Files */,
			);
			path = cocostouch;
			sourceTree = "<group>";
		};
		80EBD0081430936300177A6B /* Resources */ = {
			isa = PBXGroup;
			children = (
				80EBD0091430936300177A6B /* Default.png */,
				80EBD00B1430936300177A6B /* fps_images.png */,
				80EBD00D1430936300177A6B /* Icon-72.png */,
				80EBD00F1430936300177A6B /* Icon-Small-50.png */,
				80EBD0111430936300177A6B /* Icon-Small.png */,
				80EBD0131430936300177A6B /* Icon-Small@2x.png */,
				80EBD0151430936300177A6B /* Icon.png */,
				80EBD0171430936300177A6B /* Icon@2x.png */,
				80EBD0191430936300177A6B /* Info.plist */,
				80EBD01A1430936300177A6B /* iTunesArtwork */,
			);
			name = Resources;
			sourceTree = "<group>";
		};
		80EBD01C1430936300177A6B /* libs */ = {
			isa = PBXGroup;
			children = (
				80EBD1121430936800177A6B /* LICENSE_cocos2d.txt */,
				80EBD1211430936800177A6B /* LICENSE_CocosDenshion.txt */,
				80EBD12C1430936800177A6B /* LICENSE_TouchJSON.txt */,
				80EBD1541430936900177A6B /* LICENSE_FontLabel.txt */,
				80EBD01D1430936300177A6B /* cocos2d */,
				80EBD1131430936800177A6B /* CocosDenshion */,
				80EBD1221430936800177A6B /* cocoslive */,
				80EBD12D1430936800177A6B /* TouchJSON */,
				80EBD1431430936800177A6B /* FontLabel */,
			);
			name = libs;
			sourceTree = "<group>";
		};
		80EBD01D1430936300177A6B /* cocos2d */ = {
			isa = PBXGroup;
			children = (
				80EBD01E1430936300177A6B /* CCAction.h */,
				80EBD01F1430936300177A6B /* CCAction.m */,
				80EBD0211430936300177A6B /* CCActionCamera.h */,
				80EBD0221430936300177A6B /* CCActionCamera.m */,
				80EBD0241430936300177A6B /* CCActionEase.h */,
				80EBD0251430936300177A6B /* CCActionEase.m */,
				80EBD0271430936300177A6B /* CCActionGrid.h */,
				80EBD0281430936300177A6B /* CCActionGrid.m */,
				80EBD02A1430936300177A6B /* CCActionGrid3D.h */,
				80EBD02B1430936300177A6B /* CCActionGrid3D.m */,
				80EBD02D1430936300177A6B /* CCActionInstant.h */,
				80EBD02E1430936300177A6B /* CCActionInstant.m */,
				80EBD0301430936300177A6B /* CCActionInterval.h */,
				80EBD0311430936300177A6B /* CCActionInterval.m */,
				80EBD0331430936400177A6B /* CCActionManager.h */,
				80EBD0341430936400177A6B /* CCActionManager.m */,
				80EBD0361430936400177A6B /* CCActionPageTurn3D.h */,
				80EBD0371430936400177A6B /* CCActionPageTurn3D.m */,
				80EBD0391430936400177A6B /* CCActionProgressTimer.h */,
				80EBD03A1430936400177A6B /* CCActionProgressTimer.m */,
				80EBD03C1430936400177A6B /* CCActionTiledGrid.h */,
				80EBD03D1430936400177A6B /* CCActionTiledGrid.m */,
				80EBD03F1430936400177A6B /* CCActionTween.h */,
				80EBD0401430936400177A6B /* CCActionTween.m */,
				80EBD0421430936400177A6B /* CCAnimation.h */,
				80EBD0431430936400177A6B /* CCAnimation.m */,
				80EBD0451430936400177A6B /* CCAnimationCache.h */,
				80EBD0461430936400177A6B /* CCAnimationCache.m */,
				80EBD0481430936400177A6B /* CCAtlasNode.h */,
				80EBD0491430936400177A6B /* CCAtlasNode.m */,
				80EBD04B1430936400177A6B /* CCBlockSupport.h */,
				80EBD04C1430936400177A6B /* CCBlockSupport.m */,
				80EBD04E1430936400177A6B /* CCCamera.h */,
				80EBD04F1430936400177A6B /* CCCamera.m */,
				80EBD0511430936400177A6B /* ccConfig.h */,
				80EBD0521430936400177A6B /* CCConfiguration.h */,
				80EBD0531430936400177A6B /* CCConfiguration.m */,
				80EBD0551430936400177A6B /* CCDirector.h */,
				80EBD0561430936400177A6B /* CCDirector.m */,
				80EBD0581430936400177A6B /* CCDrawingPrimitives.h */,
				80EBD0591430936400177A6B /* CCDrawingPrimitives.m */,
				80EBD05B1430936400177A6B /* CCGrabber.h */,
				80EBD05C1430936400177A6B /* CCGrabber.m */,
				80EBD05E1430936400177A6B /* CCGrid.h */,
				80EBD05F1430936400177A6B /* CCGrid.m */,
				80EBD0611430936400177A6B /* CCLabelAtlas.h */,
				80EBD0621430936400177A6B /* CCLabelAtlas.m */,
				80EBD0641430936400177A6B /* CCLabelBMFont.h */,
				80EBD0651430936400177A6B /* CCLabelBMFont.m */,
				80EBD0671430936400177A6B /* CCLabelTTF.h */,
				80EBD0681430936400177A6B /* CCLabelTTF.m */,
				80EBD06A1430936400177A6B /* CCLayer.h */,
				80EBD06B1430936400177A6B /* CCLayer.m */,
				80EBD06D1430936400177A6B /* ccMacros.h */,
				80EBD06E1430936400177A6B /* CCMenu.h */,
				80EBD06F1430936400177A6B /* CCMenu.m */,
				80EBD0711430936400177A6B /* CCMenuItem.h */,
				80EBD0721430936400177A6B /* CCMenuItem.m */,
				80EBD0741430936400177A6B /* CCMotionStreak.h */,
				80EBD0751430936400177A6B /* CCMotionStreak.m */,
				80EBD0771430936400177A6B /* CCNode.h */,
				80EBD0781430936400177A6B /* CCNode.m */,
				80EBD07A1430936400177A6B /* CCParallaxNode.h */,
				80EBD07B1430936500177A6B /* CCParallaxNode.m */,
				80EBD07D1430936500177A6B /* CCParticleExamples.h */,
				80EBD07E1430936500177A6B /* CCParticleExamples.m */,
				80EBD0801430936500177A6B /* CCParticleSystem.h */,
				80EBD0811430936500177A6B /* CCParticleSystem.m */,
				80EBD0831430936500177A6B /* CCParticleSystemPoint.h */,
				80EBD0841430936500177A6B /* CCParticleSystemPoint.m */,
				80EBD0861430936500177A6B /* CCParticleSystemQuad.h */,
				80EBD0871430936500177A6B /* CCParticleSystemQuad.m */,
				80EBD0891430936500177A6B /* CCProgressTimer.h */,
				80EBD08A1430936500177A6B /* CCProgressTimer.m */,
				80EBD08C1430936500177A6B /* CCProtocols.h */,
				80EBD08D1430936500177A6B /* CCRenderTexture.h */,
				80EBD08E1430936500177A6B /* CCRenderTexture.m */,
				80EBD0901430936500177A6B /* CCRibbon.h */,
				80EBD0911430936500177A6B /* CCRibbon.m */,
				80EBD0931430936500177A6B /* CCScene.h */,
				80EBD0941430936500177A6B /* CCScene.m */,
				80EBD0961430936500177A6B /* CCScheduler.h */,
				80EBD0971430936500177A6B /* CCScheduler.m */,
				80EBD0991430936500177A6B /* CCSprite.h */,
				80EBD09A1430936500177A6B /* CCSprite.m */,
				80EBD09C1430936500177A6B /* CCSpriteBatchNode.h */,
				80EBD09D1430936500177A6B /* CCSpriteBatchNode.m */,
				80EBD09F1430936500177A6B /* CCSpriteFrame.h */,
				80EBD0A01430936500177A6B /* CCSpriteFrame.m */,
				80EBD0A21430936500177A6B /* CCSpriteFrameCache.h */,
				80EBD0A31430936500177A6B /* CCSpriteFrameCache.m */,
				80EBD0A51430936600177A6B /* CCTexture2D.h */,
				80EBD0A61430936600177A6B /* CCTexture2D.m */,
				80EBD0A81430936600177A6B /* CCTextureAtlas.h */,
				80EBD0A91430936600177A6B /* CCTextureAtlas.m */,
				80EBD0AB1430936600177A6B /* CCTextureCache.h */,
				80EBD0AC1430936600177A6B /* CCTextureCache.m */,
				80EBD0AE1430936600177A6B /* CCTexturePVR.h */,
				80EBD0AF1430936600177A6B /* CCTexturePVR.m */,
				80EBD0B11430936600177A6B /* CCTileMapAtlas.h */,
				80EBD0B21430936600177A6B /* CCTileMapAtlas.m */,
				80EBD0B41430936600177A6B /* CCTMXLayer.h */,
				80EBD0B51430936600177A6B /* CCTMXLayer.m */,
				80EBD0B71430936600177A6B /* CCTMXObjectGroup.h */,
				80EBD0B81430936600177A6B /* CCTMXObjectGroup.m */,
				80EBD0BA1430936600177A6B /* CCTMXTiledMap.h */,
				80EBD0BB1430936600177A6B /* CCTMXTiledMap.m */,
				80EBD0BD1430936600177A6B /* CCTMXXMLParser.h */,
				80EBD0BE1430936600177A6B /* CCTMXXMLParser.m */,
				80EBD0C01430936600177A6B /* CCTransition.h */,
				80EBD0C11430936600177A6B /* CCTransition.m */,
				80EBD0C31430936600177A6B /* CCTransitionPageTurn.h */,
				80EBD0C41430936600177A6B /* CCTransitionPageTurn.m */,
				80EBD0C61430936600177A6B /* CCTransitionRadial.h */,
				80EBD0C71430936600177A6B /* CCTransitionRadial.m */,
				80EBD0C91430936600177A6B /* ccTypes.h */,
				80EBD0CA1430936600177A6B /* cocos2d.h */,
				80EBD0CB1430936600177A6B /* cocos2d.m */,
				80EBD0CD1430936600177A6B /* Platforms */,
				80EBD0F21430936700177A6B /* Support */,
			);
			name = cocos2d;
			sourceTree = "<group>";
		};
		80EBD0CD1430936600177A6B /* Platforms */ = {
			isa = PBXGroup;
			children = (
				80EBD0CE1430936600177A6B /* CCGL.h */,
				80EBD0CF1430936600177A6B /* CCNS.h */,
				80EBD0D01430936600177A6B /* iOS */,
				80EBD0E51430936700177A6B /* Mac */,
			);
			name = Platforms;
			sourceTree = "<group>";
		};
		80EBD0D01430936600177A6B /* iOS */ = {
			isa = PBXGroup;
			children = (
				80EBD0D11430936600177A6B /* CCDirectorIOS.h */,
				80EBD0D21430936600177A6B /* CCDirectorIOS.m */,
				80EBD0D41430936600177A6B /* CCTouchDelegateProtocol.h */,
				80EBD0D51430936600177A6B /* CCTouchDispatcher.h */,
				80EBD0D61430936600177A6B /* CCTouchDispatcher.m */,
				80EBD0D81430936600177A6B /* CCTouchHandler.h */,
				80EBD0D91430936600177A6B /* CCTouchHandler.m */,
				80EBD0DB1430936700177A6B /* EAGLView.h */,
				80EBD0DC1430936700177A6B /* EAGLView.m */,
				80EBD0DE1430936700177A6B /* ES1Renderer.h */,
				80EBD0DF1430936700177A6B /* ES1Renderer.m */,
				80EBD0E11430936700177A6B /* ESRenderer.h */,
				80EBD0E21430936700177A6B /* glu.c */,
				80EBD0E41430936700177A6B /* glu.h */,
			);
			name = iOS;
			sourceTree = "<group>";
		};
		80EBD0E51430936700177A6B /* Mac */ = {
			isa = PBXGroup;
			children = (
				80EBD0E61430936700177A6B /* CCDirectorMac.h */,
				80EBD0E71430936700177A6B /* CCDirectorMac.m */,
				80EBD0E91430936700177A6B /* CCEventDispatcher.h */,
				80EBD0EA1430936700177A6B /* CCEventDispatcher.m */,
				80EBD0EC1430936700177A6B /* MacGLView.h */,
				80EBD0ED1430936700177A6B /* MacGLView.m */,
				80EBD0EF1430936700177A6B /* MacWindow.h */,
				80EBD0F01430936700177A6B /* MacWindow.m */,
			);
			name = Mac;
			sourceTree = "<group>";
		};
		80EBD0F21430936700177A6B /* Support */ = {
			isa = PBXGroup;
			children = (
				80EBD0F31430936700177A6B /* base64.c */,
				80EBD0F51430936700177A6B /* base64.h */,
				80EBD0F61430936700177A6B /* CCArray.h */,
				80EBD0F71430936700177A6B /* CCArray.m */,
				80EBD0F91430936700177A6B /* ccCArray.h */,
				80EBD0FA1430936700177A6B /* CCFileUtils.h */,
				80EBD0FB1430936700177A6B /* CCFileUtils.m */,
				80EBD0FD1430936700177A6B /* CCProfiling.h */,
				80EBD0FE1430936700177A6B /* CCProfiling.m */,
				80EBD1001430936700177A6B /* ccUtils.c */,
				80EBD1021430936700177A6B /* ccUtils.h */,
				80EBD1031430936700177A6B /* CGPointExtension.h */,
				80EBD1041430936700177A6B /* CGPointExtension.m */,
				80EBD1061430936700177A6B /* OpenGL_Internal.h */,
				80EBD1071430936700177A6B /* TGAlib.h */,
				80EBD1081430936700177A6B /* TGAlib.m */,
				80EBD10A1430936700177A6B /* TransformUtils.h */,
				80EBD10B1430936700177A6B /* TransformUtils.m */,
				80EBD10D1430936800177A6B /* uthash.h */,
				80EBD10E1430936800177A6B /* utlist.h */,
				80EBD10F1430936800177A6B /* ZipUtils.h */,
				80EBD1101430936800177A6B /* ZipUtils.m */,
			);
			name = Support;
			sourceTree = "<group>";
		};
		80EBD1131430936800177A6B /* CocosDenshion */ = {
			isa = PBXGroup;
			children = (
				80EBD1141430936800177A6B /* CDAudioManager.h */,
				80EBD1151430936800177A6B /* CDAudioManager.m */,
				80EBD1171430936800177A6B /* CDConfig.h */,
				80EBD1181430936800177A6B /* CDOpenALSupport.h */,
				80EBD1191430936800177A6B /* CDOpenALSupport.m */,
				80EBD11B1430936800177A6B /* CocosDenshion.h */,
				80EBD11C1430936800177A6B /* CocosDenshion.m */,
				80EBD11E1430936800177A6B /* SimpleAudioEngine.h */,
				80EBD11F1430936800177A6B /* SimpleAudioEngine.m */,
			);
			name = CocosDenshion;
			sourceTree = "<group>";
		};
		80EBD1221430936800177A6B /* cocoslive */ = {
			isa = PBXGroup;
			children = (
				80EBD1231430936800177A6B /* CLScoreServerPost.h */,
				80EBD1241430936800177A6B /* CLScoreServerPost.m */,
				80EBD1261430936800177A6B /* CLScoreServerRequest.h */,
				80EBD1271430936800177A6B /* CLScoreServerRequest.m */,
				80EBD1291430936800177A6B /* cocoslive.h */,
				80EBD12A1430936800177A6B /* cocoslive.m */,
			);
			name = cocoslive;
			sourceTree = "<group>";
		};
		80EBD12D1430936800177A6B /* TouchJSON */ = {
			isa = PBXGroup;
			children = (
				80EBD12E1430936800177A6B /* CDataScanner.h */,
				80EBD12F1430936800177A6B /* CDataScanner.m */,
				80EBD1311430936800177A6B /* Extensions */,
				80EBD1381430936800177A6B /* JSON */,
			);
			name = TouchJSON;
			sourceTree = "<group>";
		};
		80EBD1311430936800177A6B /* Extensions */ = {
			isa = PBXGroup;
			children = (
				80EBD1321430936800177A6B /* CDataScanner_Extensions.h */,
				80EBD1331430936800177A6B /* CDataScanner_Extensions.m */,
				80EBD1351430936800177A6B /* NSDictionary_JSONExtensions.h */,
				80EBD1361430936800177A6B /* NSDictionary_JSONExtensions.m */,
			);
			name = Extensions;
			sourceTree = "<group>";
		};
		80EBD1381430936800177A6B /* JSON */ = {
			isa = PBXGroup;
			children = (
				80EBD1391430936800177A6B /* CJSONDeserializer.h */,
				80EBD13A1430936800177A6B /* CJSONDeserializer.m */,
				80EBD13C1430936800177A6B /* CJSONScanner.h */,
				80EBD13D1430936800177A6B /* CJSONScanner.m */,
				80EBD13F1430936800177A6B /* CJSONSerializer.h */,
				80EBD1401430936800177A6B /* CJSONSerializer.m */,
				80EBD1421430936800177A6B /* JSONRepresentation.h */,
			);
			name = JSON;
			sourceTree = "<group>";
		};
		80EBD1431430936800177A6B /* FontLabel */ = {
			isa = PBXGroup;
			children = (
				80EBD1441430936800177A6B /* FontLabel.h */,
				80EBD1451430936800177A6B /* FontLabel.m */,
				80EBD1471430936800177A6B /* FontLabelStringDrawing.h */,
				80EBD1481430936900177A6B /* FontLabelStringDrawing.m */,
				80EBD14A1430936900177A6B /* FontManager.h */,
				80EBD14B1430936900177A6B /* FontManager.m */,
				80EBD14D1430936900177A6B /* ZAttributedString.h */,
				80EBD14E1430936900177A6B /* ZAttributedString.m */,
				80EBD1501430936900177A6B /* ZAttributedStringPrivate.h */,
				80EBD1511430936900177A6B /* ZFont.h */,
				80EBD1521430936900177A6B /* ZFont.m */,
			);
			name = FontLabel;
			sourceTree = "<group>";
		};
		80EBD1551430936900177A6B /* Supporting Files */ = {
			isa = PBXGroup;
			children = (
				80EBD1561430936900177A6B /* Prefix.pch */,
				80EBD1571430936900177A6B /* main.m */,
			);
			name = "Supporting Files";
			sourceTree = "<group>";
		};
/* End PBXGroup section */

/* Begin PBXNativeTarget section */
		80EBCFF21430936300177A6B /* cocostouch */ = {
			isa = PBXNativeTarget;
			buildConfigurationList = 80EBD1651430936900177A6B /* Build configuration list for PBXNativeTarget "cocostouch" */;
			buildPhases = (
				80EBCFEF1430936300177A6B /* Sources */,
				80EBCFF01430936300177A6B /* Frameworks */,
				80EBCFF11430936300177A6B /* Resources */,
			);
			buildRules = (
			);
			dependencies = (
			);
			name = cocostouch;
			productName = cocostouch;
			productReference = 80EBCFF31430936300177A6B /* cocostouch.app */;
			productType = "com.apple.product-type.application";
		};
/* End PBXNativeTarget section */

/* Begin PBXProject section */
		80EBCFEA1430936300177A6B /* Project object */ = {
			isa = PBXProject;
			buildConfigurationList = 80EBCFED1430936300177A6B /* Build configuration list for PBXProject "cocostouch" */;
			compatibilityVersion = "Xcode 3.2";
			developmentRegion = English;
			hasScannedForEncodings = 0;
			knownRegions = (
				en,
			);
			mainGroup = 80EBCFE81430936300177A6B;
			productRefGroup = 80EBCFF41430936300177A6B /* Products */;
			projectDirPath = "";
			projectRoot = "";
			targets = (
				80EBCFF21430936300177A6B /* cocostouch */,
			);
		};
/* End PBXProject section */

/* Begin PBXResourcesBuildPhase section */
		80EBCFF11430936300177A6B /* Resources */ = {
			isa = PBXResourcesBuildPhase;
			buildActionMask = 2147483647;
			files = (
				80EBD00A1430936300177A6B /* Default.png in Resources */,
				80EBD00C1430936300177A6B /* fps_images.png in Resources */,
				80EBD00E1430936300177A6B /* Icon-72.png in Resources */,
				80EBD0101430936300177A6B /* Icon-Small-50.png in Resources */,
				80EBD0121430936300177A6B /* Icon-Small.png in Resources */,
				80EBD0141430936300177A6B /* Icon-Small@2x.png in Resources */,
				80EBD0161430936300177A6B /* Icon.png in Resources */,
				80EBD0181430936300177A6B /* Icon@2x.png in Resources */,
				80EBD01B1430936300177A6B /* iTunesArtwork in Resources */,
			);
			runOnlyForDeploymentPostprocessing = 0;
		};
/* End PBXResourcesBuildPhase section */

/* Begin PBXSourcesBuildPhase section */
		80EBCFEF1430936300177A6B /* Sources */ = {
			isa = PBXSourcesBuildPhase;
			buildActionMask = 2147483647;
			files = (
				80EBD0201430936300177A6B /* CCAction.m in Sources */,
				80EBD0231430936300177A6B /* CCActionCamera.m in Sources */,
				80EBD0261430936300177A6B /* CCActionEase.m in Sources */,
				80EBD0291430936300177A6B /* CCActionGrid.m in Sources */,
				80EBD02C1430936300177A6B /* CCActionGrid3D.m in Sources */,
				80EBD02F1430936300177A6B /* CCActionInstant.m in Sources */,
				80EBD0321430936300177A6B /* CCActionInterval.m in Sources */,
				80EBD0351430936400177A6B /* CCActionManager.m in Sources */,
				80EBD0381430936400177A6B /* CCActionPageTurn3D.m in Sources */,
				80EBD03B1430936400177A6B /* CCActionProgressTimer.m in Sources */,
				80EBD03E1430936400177A6B /* CCActionTiledGrid.m in Sources */,
				80EBD0411430936400177A6B /* CCActionTween.m in Sources */,
				80EBD0441430936400177A6B /* CCAnimation.m in Sources */,
				80EBD0471430936400177A6B /* CCAnimationCache.m in Sources */,
				80EBD04A1430936400177A6B /* CCAtlasNode.m in Sources */,
				80EBD04D1430936400177A6B /* CCBlockSupport.m in Sources */,
				80EBD0501430936400177A6B /* CCCamera.m in Sources */,
				80EBD0541430936400177A6B /* CCConfiguration.m in Sources */,
				80EBD0571430936400177A6B /* CCDirector.m in Sources */,
				80EBD05A1430936400177A6B /* CCDrawingPrimitives.m in Sources */,
				80EBD05D1430936400177A6B /* CCGrabber.m in Sources */,
				80EBD0601430936400177A6B /* CCGrid.m in Sources */,
				80EBD0631430936400177A6B /* CCLabelAtlas.m in Sources */,
				80EBD0661430936400177A6B /* CCLabelBMFont.m in Sources */,
				80EBD0691430936400177A6B /* CCLabelTTF.m in Sources */,
				80EBD06C1430936400177A6B /* CCLayer.m in Sources */,
				80EBD0701430936400177A6B /* CCMenu.m in Sources */,
				80EBD0731430936400177A6B /* CCMenuItem.m in Sources */,
				80EBD0761430936400177A6B /* CCMotionStreak.m in Sources */,
				80EBD0791430936400177A6B /* CCNode.m in Sources */,
				80EBD07C1430936500177A6B /* CCParallaxNode.m in Sources */,
				80EBD07F1430936500177A6B /* CCParticleExamples.m in Sources */,
				80EBD0821430936500177A6B /* CCParticleSystem.m in Sources */,
				80EBD0851430936500177A6B /* CCParticleSystemPoint.m in Sources */,
				80EBD0881430936500177A6B /* CCParticleSystemQuad.m in Sources */,
				80EBD08B1430936500177A6B /* CCProgressTimer.m in Sources */,
				80EBD08F1430936500177A6B /* CCRenderTexture.m in Sources */,
				80EBD0921430936500177A6B /* CCRibbon.m in Sources */,
				80EBD0951430936500177A6B /* CCScene.m in Sources */,
				80EBD0981430936500177A6B /* CCScheduler.m in Sources */,
				80EBD09B1430936500177A6B /* CCSprite.m in Sources */,
				80EBD09E1430936500177A6B /* CCSpriteBatchNode.m in Sources */,
				80EBD0A11430936500177A6B /* CCSpriteFrame.m in Sources */,
				80EBD0A41430936500177A6B /* CCSpriteFrameCache.m in Sources */,
				80EBD0A71430936600177A6B /* CCTexture2D.m in Sources */,
				80EBD0AA1430936600177A6B /* CCTextureAtlas.m in Sources */,
				80EBD0AD1430936600177A6B /* CCTextureCache.m in Sources */,
				80EBD0B01430936600177A6B /* CCTexturePVR.m in Sources */,
				80EBD0B31430936600177A6B /* CCTileMapAtlas.m in Sources */,
				80EBD0B61430936600177A6B /* CCTMXLayer.m in Sources */,
				80EBD0B91430936600177A6B /* CCTMXObjectGroup.m in Sources */,
				80EBD0BC1430936600177A6B /* CCTMXTiledMap.m in Sources */,
				80EBD0BF1430936600177A6B /* CCTMXXMLParser.m in Sources */,
				80EBD0C21430936600177A6B /* CCTransition.m in Sources */,
				80EBD0C51430936600177A6B /* CCTransitionPageTurn.m in Sources */,
				80EBD0C81430936600177A6B /* CCTransitionRadial.m in Sources */,
				80EBD0CC1430936600177A6B /* cocos2d.m in Sources */,
				80EBD0D31430936600177A6B /* CCDirectorIOS.m in Sources */,
				80EBD0D71430936600177A6B /* CCTouchDispatcher.m in Sources */,
				80EBD0DA1430936700177A6B /* CCTouchHandler.m in Sources */,
				80EBD0DD1430936700177A6B /* EAGLView.m in Sources */,
				80EBD0E01430936700177A6B /* ES1Renderer.m in Sources */,
				80EBD0E31430936700177A6B /* glu.c in Sources */,
				80EBD0E81430936700177A6B /* CCDirectorMac.m in Sources */,
				80EBD0EB1430936700177A6B /* CCEventDispatcher.m in Sources */,
				80EBD0EE1430936700177A6B /* MacGLView.m in Sources */,
				80EBD0F11430936700177A6B /* MacWindow.m in Sources */,
				80EBD0F41430936700177A6B /* base64.c in Sources */,
				80EBD0F81430936700177A6B /* CCArray.m in Sources */,
				80EBD0FC1430936700177A6B /* CCFileUtils.m in Sources */,
				80EBD0FF1430936700177A6B /* CCProfiling.m in Sources */,
				80EBD1011430936700177A6B /* ccUtils.c in Sources */,
				80EBD1051430936700177A6B /* CGPointExtension.m in Sources */,
				80EBD1091430936700177A6B /* TGAlib.m in Sources */,
				80EBD10C1430936700177A6B /* TransformUtils.m in Sources */,
				80EBD1111430936800177A6B /* ZipUtils.m in Sources */,
				80EBD1161430936800177A6B /* CDAudioManager.m in Sources */,
				80EBD11A1430936800177A6B /* CDOpenALSupport.m in Sources */,
				80EBD11D1430936800177A6B /* CocosDenshion.m in Sources */,
				80EBD1201430936800177A6B /* SimpleAudioEngine.m in Sources */,
				80EBD1251430936800177A6B /* CLScoreServerPost.m in Sources */,
				80EBD1281430936800177A6B /* CLScoreServerRequest.m in Sources */,
				80EBD12B1430936800177A6B /* cocoslive.m in Sources */,
				80EBD1301430936800177A6B /* CDataScanner.m in Sources */,
				80EBD1341430936800177A6B /* CDataScanner_Extensions.m in Sources */,
				80EBD1371430936800177A6B /* NSDictionary_JSONExtensions.m in Sources */,
				80EBD13B1430936800177A6B /* CJSONDeserializer.m in Sources */,
				80EBD13E1430936800177A6B /* CJSONScanner.m in Sources */,
				80EBD1411430936800177A6B /* CJSONSerializer.m in Sources */,
				80EBD1461430936800177A6B /* FontLabel.m in Sources */,
				80EBD1491430936900177A6B /* FontLabelStringDrawing.m in Sources */,
				80EBD14C1430936900177A6B /* FontManager.m in Sources */,
				80EBD14F1430936900177A6B /* ZAttributedString.m in Sources */,
				80EBD1531430936900177A6B /* ZFont.m in Sources */,
				80EBD1581430936900177A6B /* main.m in Sources */,
				80EBD15B1430936900177A6B /* AppDelegate.m in Sources */,
				80EBD15E1430936900177A6B /* RootViewController.m in Sources */,
				80EBD1611430936900177A6B /* HelloWorldLayer.m in Sources */,
			);
			runOnlyForDeploymentPostprocessing = 0;
		};
/* End PBXSourcesBuildPhase section */

/* Begin XCBuildConfiguration section */
		80EBD1631430936900177A6B /* Debug */ = {
			isa = XCBuildConfiguration;
			buildSettings = {
				ARCHS = "$(ARCHS_STANDARD_32_BIT)";
				"CODE_SIGN_IDENTITY[sdk=iphoneos*]" = "iPhone Developer";
				GCC_C_LANGUAGE_STANDARD = gnu99;
				GCC_OPTIMIZATION_LEVEL = 0;
				GCC_PREPROCESSOR_DEFINITIONS = (
					DEBUG,
					"COCOS2D_DEBUG=1",
				);
				GCC_SYMBOLS_PRIVATE_EXTERN = NO;
				GCC_VERSION = com.apple.compilers.llvmgcc42;
				GCC_WARN_ABOUT_RETURN_TYPE = YES;
				GCC_WARN_UNUSED_VARIABLE = YES;
				IPHONEOS_DEPLOYMENT_TARGET = 4.3;
				SDKROOT = iphoneos;
			};
			name = Debug;
		};
		80EBD1641430936900177A6B /* Release */ = {
			isa = XCBuildConfiguration;
			buildSettings = {
				ARCHS = "$(ARCHS_STANDARD_32_BIT)";
				"CODE_SIGN_IDENTITY[sdk=iphoneos*]" = "iPhone Developer";
				GCC_C_LANGUAGE_STANDARD = gnu99;
				GCC_PREPROCESSOR_DEFINITIONS = NDEBUG;
				GCC_VERSION = com.apple.compilers.llvmgcc42;
				GCC_WARN_ABOUT_RETURN_TYPE = YES;
				GCC_WARN_UNUSED_VARIABLE = YES;
				IPHONEOS_DEPLOYMENT_TARGET = 4.3;
				OTHER_CFLAGS = "-DNS_BLOCK_ASSERTIONS=1";
				SDKROOT = iphoneos;
			};
			name = Release;
		};
		80EBD1661430936900177A6B /* Debug */ = {
			isa = XCBuildConfiguration;
			buildSettings = {
				ALWAYS_SEARCH_USER_PATHS = NO;
				COPY_PHASE_STRIP = NO;
				GCC_DYNAMIC_NO_PIC = NO;
				GCC_PRECOMPILE_PREFIX_HEADER = YES;
				GCC_PREFIX_HEADER = cocostouch/Prefix.pch;
				"GCC_THUMB_SUPPORT[arch=armv6]" = "";
				INFOPLIST_FILE = cocostouch/Resources/Info.plist;
				OTHER_LDFLAGS = "-lz";
				PRODUCT_NAME = "$(TARGET_NAME)";
				WRAPPER_EXTENSION = app;
			};
			name = Debug;
		};
		80EBD1671430936900177A6B /* Release */ = {
			isa = XCBuildConfiguration;
			buildSettings = {
				ALWAYS_SEARCH_USER_PATHS = NO;
				COPY_PHASE_STRIP = YES;
				GCC_PRECOMPILE_PREFIX_HEADER = YES;
				GCC_PREFIX_HEADER = cocostouch/Prefix.pch;
				"GCC_THUMB_SUPPORT[arch=armv6]" = "";
				INFOPLIST_FILE = cocostouch/Resources/Info.plist;
				OTHER_LDFLAGS = "-lz";
				PRODUCT_NAME = "$(TARGET_NAME)";
				VALIDATE_PRODUCT = YES;
				WRAPPER_EXTENSION = app;
			};
			name = Release;
		};
/* End XCBuildConfiguration section */

/* Begin XCConfigurationList section */
		80EBCFED1430936300177A6B /* Build configuration list for PBXProject "cocostouch" */ = {
			isa = XCConfigurationList;
			buildConfigurations = (
				80EBD1631430936900177A6B /* Debug */,
				80EBD1641430936900177A6B /* Release */,
			);
			defaultConfigurationIsVisible = 0;
			defaultConfigurationName = Release;
		};
		80EBD1651430936900177A6B /* Build configuration list for PBXNativeTarget "cocostouch" */ = {
			isa = XCConfigurationList;
			buildConfigurations = (
				80EBD1661430936900177A6B /* Debug */,
				80EBD1671430936900177A6B /* Release */,
			);
			defaultConfigurationIsVisible = 0;
		};
/* End XCConfigurationList section */
	};
	rootObject = 80EBCFEA1430936300177A6B /* Project object */;
}
